// !$*UTF8*$!
{
	archiveVersion = 1;
	classes = {
	};
	objectVersion = 77;
	objects = {

/* Begin PBXBuildFile section */
		1DE786592FDA81C0001FDFFF /* AppDelegate.swift in Sources */ = {isa = PBXBuildFile; fileRef = 1DE786582FDA81C0001FDFFF /* AppDelegate.swift */; };
		1DE7865B2FDA81C0001FDFFF /* SceneDelegate.swift in Sources */ = {isa = PBXBuildFile; fileRef = 1DE7865A2FDA81C0001FDFFF /* SceneDelegate.swift */; };
		1DE7865E2FDA81C0001FDFFF /* LaunchScreen.storyboard in Resources */ = {isa = PBXBuildFile; fileRef = 1DE7865C2FDA81C0001FDFFF /* LaunchScreen.storyboard */; };
		1DE786612FDA81C0001FDFFF /* Main.storyboard in Resources */ = {isa = PBXBuildFile; fileRef = 1DE7865F2FDA81C0001FDFFF /* Main.storyboard */; };
		1DE7866A2FDA81C0001FDFFF /* AppDelegate.swift in Sources */ = {isa = PBXBuildFile; fileRef = 1DE786692FDA81C0001FDFFF /* AppDelegate.swift */; };
		1DE7866D2FDA81C0001FDFFF /* Main.storyboard in Resources */ = {isa = PBXBuildFile; fileRef = 1DE7866B2FDA81C0001FDFFF /* Main.storyboard */; };
		1DE786742FDA81C0001FDFFF /* Fading Furigana Extension.appex in Embed Foundation Extensions */ = {isa = PBXBuildFile; fileRef = 1DE786732FDA81C0001FDFFF /* Fading Furigana Extension.appex */; settings = {ATTRIBUTES = (RemoveHeadersOnCopy, ); }; };
		1DE7867E2FDA81C0001FDFFF /* Fading Furigana Extension.appex in Embed Foundation Extensions */ = {isa = PBXBuildFile; fileRef = 1DE7867D2FDA81C0001FDFFF /* Fading Furigana Extension.appex */; settings = {ATTRIBUTES = (RemoveHeadersOnCopy, ); }; };
		1DE786832FDA81C0001FDFFF /* Main.html in Resources */ = {isa = PBXBuildFile; fileRef = 1DE786482FDA81BF001FDFFF /* Main.html */; };
		1DE786842FDA81C0001FDFFF /* Main.html in Resources */ = {isa = PBXBuildFile; fileRef = 1DE786482FDA81BF001FDFFF /* Main.html */; };
		1DE786852FDA81C0001FDFFF /* Icon.png in Resources */ = {isa = PBXBuildFile; fileRef = 1DE7864A2FDA81BF001FDFFF /* Icon.png */; };
		1DE786862FDA81C0001FDFFF /* Icon.png in Resources */ = {isa = PBXBuildFile; fileRef = 1DE7864A2FDA81BF001FDFFF /* Icon.png */; };
		1DE786872FDA81C0001FDFFF /* Style.css in Resources */ = {isa = PBXBuildFile; fileRef = 1DE7864B2FDA81BF001FDFFF /* Style.css */; };
		1DE786882FDA81C0001FDFFF /* Style.css in Resources */ = {isa = PBXBuildFile; fileRef = 1DE7864B2FDA81BF001FDFFF /* Style.css */; };
		1DE786892FDA81C0001FDFFF /* Script.js in Resources */ = {isa = PBXBuildFile; fileRef = 1DE7864C2FDA81BF001FDFFF /* Script.js */; };
		1DE7868A2FDA81C0001FDFFF /* Script.js in Resources */ = {isa = PBXBuildFile; fileRef = 1DE7864C2FDA81BF001FDFFF /* Script.js */; };
		1DE7868B2FDA81C0001FDFFF /* ViewController.swift in Sources */ = {isa = PBXBuildFile; fileRef = 1DE7864D2FDA81BF001FDFFF /* ViewController.swift */; };
		1DE7868C2FDA81C0001FDFFF /* ViewController.swift in Sources */ = {isa = PBXBuildFile; fileRef = 1DE7864D2FDA81BF001FDFFF /* ViewController.swift */; };
		FAD000022FDA81C0001FDFFF /* ReviewSession.swift in Sources */ = {isa = PBXBuildFile; fileRef = FAD000012FDA81C0001FDFFF /* ReviewSession.swift */; };
		FAD000032FDA81C0001FDFFF /* ReviewSession.swift in Sources */ = {isa = PBXBuildFile; fileRef = FAD000012FDA81C0001FDFFF /* ReviewSession.swift */; };
		FAD000052FDA81C0001FDFFF /* AppSettings.swift in Sources */ = {isa = PBXBuildFile; fileRef = FAD000042FDA81C0001FDFFF /* AppSettings.swift */; };
		FAD000062FDA81C0001FDFFF /* AppSettings.swift in Sources */ = {isa = PBXBuildFile; fileRef = FAD000042FDA81C0001FDFFF /* AppSettings.swift */; };
		FAD000082FDA81C0001FDFFF /* Localization.swift in Sources */ = {isa = PBXBuildFile; fileRef = FAD000072FDA81C0001FDFFF /* Localization.swift */; };
		FAD000092FDA81C0001FDFFF /* Localization.swift in Sources */ = {isa = PBXBuildFile; fileRef = FAD000072FDA81C0001FDFFF /* Localization.swift */; };
		1DE7868D2FDA81C0001FDFFF /* Assets.xcassets in Resources */ = {isa = PBXBuildFile; fileRef = 1DE7864E2FDA81C0001FDFFF /* Assets.xcassets */; };
		1DE7868E2FDA81C0001FDFFF /* Assets.xcassets in Resources */ = {isa = PBXBuildFile; fileRef = 1DE7864E2FDA81C0001FDFFF /* Assets.xcassets */; };
		1DE7868F2FDA81C0001FDFFF /* SafariWebExtensionHandler.swift in Sources */ = {isa = PBXBuildFile; fileRef = 1DE786502FDA81C0001FDFFF /* SafariWebExtensionHandler.swift */; };
		1DE786902FDA81C0001FDFFF /* SafariWebExtensionHandler.swift in Sources */ = {isa = PBXBuildFile; fileRef = 1DE786502FDA81C0001FDFFF /* SafariWebExtensionHandler.swift */; };
		1DE786A42FDA81C0001FDFFF /* manifest.json in Resources */ = {isa = PBXBuildFile; fileRef = 1DE786A22FDA81C0001FDFFF /* manifest.json */; };
		1DE786A52FDA81C0001FDFFF /* src in Resources */ = {isa = PBXBuildFile; fileRef = 1DE786A32FDA81C0001FDFFF /* src */; };
		1DE786A62FDA81C0001FDFFF /* manifest.json in Resources */ = {isa = PBXBuildFile; fileRef = 1DE786A22FDA81C0001FDFFF /* manifest.json */; };
		1DE786A72FDA81C0001FDFFF /* src in Resources */ = {isa = PBXBuildFile; fileRef = 1DE786A32FDA81C0001FDFFF /* src */; };
		FAD0000B2FDA81C0001FDFFF /* PrivacyInfo.xcprivacy in Resources */ = {isa = PBXBuildFile; fileRef = FAD0000D2FDA81C0001FDFFF /* PrivacyInfo.xcprivacy */; };
		FAD0000C2FDA81C0001FDFFF /* PrivacyInfo.xcprivacy in Resources */ = {isa = PBXBuildFile; fileRef = FAD0000E2FDA81C0001FDFFF /* PrivacyInfo.xcprivacy */; };
/* End PBXBuildFile section */

/* Begin PBXContainerItemProxy section */
		1DE786752FDA81C0001FDFFF /* PBXContainerItemProxy */ = {
			isa = PBXContainerItemProxy;
			containerPortal = 1DE786422FDA81BF001FDFFF /* Project object */;
			proxyType = 1;
			remoteGlobalIDString = 1DE786722FDA81C0001FDFFF;
			remoteInfo = "Fading Furigana Extension (iOS)";
		};
		1DE7867F2FDA81C0001FDFFF /* PBXContainerItemProxy */ = {
			isa = PBXContainerItemProxy;
			containerPortal = 1DE786422FDA81BF001FDFFF /* Project object */;
			proxyType = 1;
			remoteGlobalIDString = 1DE7867C2FDA81C0001FDFFF;
			remoteInfo = "Fading Furigana Extension (macOS)";
		};
/* End PBXContainerItemProxy section */

/* Begin PBXCopyFilesBuildPhase section */
		1DE786962FDA81C0001FDFFF /* Embed Foundation Extensions */ = {
			isa = PBXCopyFilesBuildPhase;
			buildActionMask = 2147483647;
			dstPath = "";
			dstSubfolderSpec = 13;
			files = (
				1DE786742FDA81C0001FDFFF /* Fading Furigana Extension.appex in Embed Foundation Extensions */,
			);
			name = "Embed Foundation Extensions";
			runOnlyForDeploymentPostprocessing = 0;
		};
		1DE7869D2FDA81C0001FDFFF /* Embed Foundation Extensions */ = {
			isa = PBXCopyFilesBuildPhase;
			buildActionMask = 2147483647;
			dstPath = "";
			dstSubfolderSpec = 13;
			files = (
				1DE7867E2FDA81C0001FDFFF /* Fading Furigana Extension.appex in Embed Foundation Extensions */,
			);
			name = "Embed Foundation Extensions";
			runOnlyForDeploymentPostprocessing = 0;
		};
/* End PBXCopyFilesBuildPhase section */

/* Begin PBXFileReference section */
		1DE786492FDA81BF001FDFFF /* Base */ = {isa = PBXFileReference; lastKnownFileType = text.html; name = Base; path = Base.lproj/Main.html; sourceTree = "<group>"; };
		1DE7864A2FDA81BF001FDFFF /* Icon.png */ = {isa = PBXFileReference; lastKnownFileType = image.png; path = Icon.png; sourceTree = "<group>"; };
		1DE7864B2FDA81BF001FDFFF /* Style.css */ = {isa = PBXFileReference; lastKnownFileType = text.css; path = Style.css; sourceTree = "<group>"; };
		1DE7864C2FDA81BF001FDFFF /* Script.js */ = {isa = PBXFileReference; lastKnownFileType = sourcecode.javascript; path = Script.js; sourceTree = "<group>"; };
		1DE7864D2FDA81BF001FDFFF /* ViewController.swift */ = {isa = PBXFileReference; lastKnownFileType = sourcecode.swift; path = ViewController.swift; sourceTree = "<group>"; };
		FAD000012FDA81C0001FDFFF /* ReviewSession.swift */ = {isa = PBXFileReference; lastKnownFileType = sourcecode.swift; path = ReviewSession.swift; sourceTree = "<group>"; };
		FAD000042FDA81C0001FDFFF /* AppSettings.swift */ = {isa = PBXFileReference; lastKnownFileType = sourcecode.swift; path = AppSettings.swift; sourceTree = "<group>"; };
		FAD000072FDA81C0001FDFFF /* Localization.swift */ = {isa = PBXFileReference; lastKnownFileType = sourcecode.swift; path = Localization.swift; sourceTree = "<group>"; };
		1DE7864E2FDA81C0001FDFFF /* Assets.xcassets */ = {isa = PBXFileReference; lastKnownFileType = folder.assetcatalog; path = Assets.xcassets; sourceTree = "<group>"; };
		1DE786502FDA81C0001FDFFF /* SafariWebExtensionHandler.swift */ = {isa = PBXFileReference; lastKnownFileType = sourcecode.swift; path = SafariWebExtensionHandler.swift; sourceTree = "<group>"; };
		1DE786552FDA81C0001FDFFF /* Fading Furigana.app */ = {isa = PBXFileReference; explicitFileType = wrapper.application; includeInIndex = 0; path = "Fading Furigana.app"; sourceTree = BUILT_PRODUCTS_DIR; };
		1DE786582FDA81C0001FDFFF /* AppDelegate.swift */ = {isa = PBXFileReference; lastKnownFileType = sourcecode.swift; path = AppDelegate.swift; sourceTree = "<group>"; };
		1DE7865A2FDA81C0001FDFFF /* SceneDelegate.swift */ = {isa = PBXFileReference; lastKnownFileType = sourcecode.swift; path = SceneDelegate.swift; sourceTree = "<group>"; };
		1DE7865D2FDA81C0001FDFFF /* Base */ = {isa = PBXFileReference; lastKnownFileType = file.storyboard; name = Base; path = Base.lproj/LaunchScreen.storyboard; sourceTree = "<group>"; };
		1DE786602FDA81C0001FDFFF /* Base */ = {isa = PBXFileReference; lastKnownFileType = file.storyboard; name = Base; path = Base.lproj/Main.storyboard; sourceTree = "<group>"; };
		1DE786622FDA81C0001FDFFF /* Info.plist */ = {isa = PBXFileReference; lastKnownFileType = text.plist.xml; path = Info.plist; sourceTree = "<group>"; };
		1DE786672FDA81C0001FDFFF /* Fading Furigana.app */ = {isa = PBXFileReference; explicitFileType = wrapper.application; includeInIndex = 0; path = "Fading Furigana.app"; sourceTree = BUILT_PRODUCTS_DIR; };
		1DE786692FDA81C0001FDFFF /* AppDelegate.swift */ = {isa = PBXFileReference; lastKnownFileType = sourcecode.swift; path = AppDelegate.swift; sourceTree = "<group>"; };
		1DE7866C2FDA81C0001FDFFF /* Base */ = {isa = PBXFileReference; lastKnownFileType = file.storyboard; name = Base; path = Base.lproj/Main.storyboard; sourceTree = "<group>"; };
		1DE7866E2FDA81C0001FDFFF /* Info.plist */ = {isa = PBXFileReference; lastKnownFileType = text.plist.xml; path = Info.plist; sourceTree = "<group>"; };
		1DE786732FDA81C0001FDFFF /* Fading Furigana Extension.appex */ = {isa = PBXFileReference; explicitFileType = "wrapper.app-extension"; includeInIndex = 0; path = "Fading Furigana Extension.appex"; sourceTree = BUILT_PRODUCTS_DIR; };
		1DE786782FDA81C0001FDFFF /* Info.plist */ = {isa = PBXFileReference; lastKnownFileType = text.plist.xml; path = Info.plist; sourceTree = "<group>"; };
		1DE7867D2FDA81C0001FDFFF /* Fading Furigana Extension.appex */ = {isa = PBXFileReference; explicitFileType = "wrapper.app-extension"; includeInIndex = 0; path = "Fading Furigana Extension.appex"; sourceTree = BUILT_PRODUCTS_DIR; };
		1DE786822FDA81C0001FDFFF /* Info.plist */ = {isa = PBXFileReference; lastKnownFileType = text.plist.xml; path = Info.plist; sourceTree = "<group>"; };
		1DE786A22FDA81C0001FDFFF /* manifest.json */ = {isa = PBXFileReference; lastKnownFileType = text.json; name = manifest.json; path = Resources/manifest.json; sourceTree = "<group>"; };
		1DE786A32FDA81C0001FDFFF /* src */ = {isa = PBXFileReference; lastKnownFileType = folder; name = src; path = Resources/src; sourceTree = "<group>"; };
		FAD0000A2FDA81C0001FDFFF /* Fading Furigana.storekit */ = {isa = PBXFileReference; lastKnownFileType = text; path = "Fading Furigana.storekit"; sourceTree = "<group>"; };
		FAD0000D2FDA81C0001FDFFF /* PrivacyInfo.xcprivacy */ = {isa = PBXFileReference; lastKnownFileType = text.xml; path = PrivacyInfo.xcprivacy; sourceTree = "<group>"; };
		FAD0000E2FDA81C0001FDFFF /* PrivacyInfo.xcprivacy */ = {isa = PBXFileReference; lastKnownFileType = text.xml; path = PrivacyInfo.xcprivacy; sourceTree = "<group>"; };
/* End PBXFileReference section */

/* Begin PBXFrameworksBuildPhase section */
		1DE786522FDA81C0001FDFFF /* Frameworks */ = {
			isa = PBXFrameworksBuildPhase;
			buildActionMask = 2147483647;
			files = (
			);
			runOnlyForDeploymentPostprocessing = 0;
		};
		1DE786642FDA81C0001FDFFF /* Frameworks */ = {
			isa = PBXFrameworksBuildPhase;
			buildActionMask = 2147483647;
			files = (
			);
			runOnlyForDeploymentPostprocessing = 0;
		};
		1DE786702FDA81C0001FDFFF /* Frameworks */ = {
			isa = PBXFrameworksBuildPhase;
			buildActionMask = 2147483647;
			files = (
			);
			runOnlyForDeploymentPostprocessing = 0;
		};
		1DE7867A2FDA81C0001FDFFF /* Frameworks */ = {
			isa = PBXFrameworksBuildPhase;
			buildActionMask = 2147483647;
			files = (
			);
			runOnlyForDeploymentPostprocessing = 0;
		};
/* End PBXFrameworksBuildPhase section */

/* Begin PBXGroup section */
		1DE786412FDA81BF001FDFFF = {
			isa = PBXGroup;
			children = (
				1DE786462FDA81BF001FDFFF /* Shared (App) */,
				1DE7864F2FDA81C0001FDFFF /* Shared (Extension) */,
				1DE786572FDA81C0001FDFFF /* iOS (App) */,
				1DE786682FDA81C0001FDFFF /* macOS (App) */,
				1DE786772FDA81C0001FDFFF /* iOS (Extension) */,
				1DE786812FDA81C0001FDFFF /* macOS (Extension) */,
				FAD0000A2FDA81C0001FDFFF /* Fading Furigana.storekit */,
				1DE786562FDA81C0001FDFFF /* Products */,
			);
			sourceTree = "<group>";
		};
		1DE786462FDA81BF001FDFFF /* Shared (App) */ = {
			isa = PBXGroup;
			children = (
				1DE7864D2FDA81BF001FDFFF /* ViewController.swift */,
				FAD000012FDA81C0001FDFFF /* ReviewSession.swift */,
				FAD000042FDA81C0001FDFFF /* AppSettings.swift */,
				FAD000072FDA81C0001FDFFF /* Localization.swift */,
				1DE7864E2FDA81C0001FDFFF /* Assets.xcassets */,
				1DE786472FDA81BF001FDFFF /* Resources */,
			);
			path = "Shared (App)";
			sourceTree = "<group>";
		};
		1DE786472FDA81BF001FDFFF /* Resources */ = {
			isa = PBXGroup;
			children = (
				1DE786482FDA81BF001FDFFF /* Main.html */,
				1DE7864A2FDA81BF001FDFFF /* Icon.png */,
				1DE7864B2FDA81BF001FDFFF /* Style.css */,
				1DE7864C2FDA81BF001FDFFF /* Script.js */,
			);
			path = Resources;
			sourceTree = "<group>";
		};
		1DE7864F2FDA81C0001FDFFF /* Shared (Extension) */ = {
			isa = PBXGroup;
			children = (
				1DE786A12FDA81C0001FDFFF /* Resources */,
				1DE786502FDA81C0001FDFFF /* SafariWebExtensionHandler.swift */,
			);
			path = "Shared (Extension)";
			sourceTree = "<group>";
		};
		1DE786562FDA81C0001FDFFF /* Products */ = {
			isa = PBXGroup;
			children = (
				1DE786552FDA81C0001FDFFF /* Fading Furigana.app */,
				1DE786672FDA81C0001FDFFF /* Fading Furigana.app */,
				1DE786732FDA81C0001FDFFF /* Fading Furigana Extension.appex */,
				1DE7867D2FDA81C0001FDFFF /* Fading Furigana Extension.appex */,
			);
			name = Products;
			sourceTree = "<group>";
		};
		1DE786572FDA81C0001FDFFF /* iOS (App) */ = {
			isa = PBXGroup;
			children = (
				1DE786582FDA81C0001FDFFF /* AppDelegate.swift */,
				1DE7865A2FDA81C0001FDFFF /* SceneDelegate.swift */,
				1DE7865C2FDA81C0001FDFFF /* LaunchScreen.storyboard */,
				1DE7865F2FDA81C0001FDFFF /* Main.storyboard */,
				1DE786622FDA81C0001FDFFF /* Info.plist */,
			);
			path = "iOS (App)";
			sourceTree = "<group>";
		};
		1DE786682FDA81C0001FDFFF /* macOS (App) */ = {
			isa = PBXGroup;
			children = (
				1DE786692FDA81C0001FDFFF /* AppDelegate.swift */,
				1DE7866B2FDA81C0001FDFFF /* Main.storyboard */,
				1DE7866E2FDA81C0001FDFFF /* Info.plist */,
				FAD0000D2FDA81C0001FDFFF /* PrivacyInfo.xcprivacy */,
			);
			path = "macOS (App)";
			sourceTree = "<group>";
		};
		1DE786772FDA81C0001FDFFF /* iOS (Extension) */ = {
			isa = PBXGroup;
			children = (
				1DE786782FDA81C0001FDFFF /* Info.plist */,
			);
			path = "iOS (Extension)";
			sourceTree = "<group>";
		};
		1DE786812FDA81C0001FDFFF /* macOS (Extension) */ = {
			isa = PBXGroup;
			children = (
				1DE786822FDA81C0001FDFFF /* Info.plist */,
				FAD0000E2FDA81C0001FDFFF /* PrivacyInfo.xcprivacy */,
			);
			path = "macOS (Extension)";
			sourceTree = "<group>";
		};
		1DE786A12FDA81C0001FDFFF /* Resources */ = {
			isa = PBXGroup;
			children = (
				1DE786A22FDA81C0001FDFFF /* manifest.json */,
				1DE786A32FDA81C0001FDFFF /* src */,
			);
			name = Resources;
			path = "Shared (Extension)";
			sourceTree = SOURCE_ROOT;
		};
/* End PBXGroup section */

/* Begin PBXNativeTarget section */
		1DE786542FDA81C0001FDFFF /* Fading Furigana (iOS) */ = {
			isa = PBXNativeTarget;
			buildConfigurationList = 1DE786972FDA81C0001FDFFF /* Build configuration list for PBXNativeTarget "Fading Furigana (iOS)" */;
			buildPhases = (
				1DE786512FDA81C0001FDFFF /* Sources */,
				1DE786522FDA81C0001FDFFF /* Frameworks */,
				1DE786532FDA81C0001FDFFF /* Resources */,
				1DE786962FDA81C0001FDFFF /* Embed Foundation Extensions */,
			);
			buildRules = (
			);
			dependencies = (
				1DE786762FDA81C0001FDFFF /* PBXTargetDependency */,
			);
			name = "Fading Furigana (iOS)";
			packageProductDependencies = (
			);
			productName = "Fading Furigana (iOS)";
			productReference = 1DE786552FDA81C0001FDFFF /* Fading Furigana.app */;
			productType = "com.apple.product-type.application";
		};
		1DE786662FDA81C0001FDFFF /* Fading Furigana (macOS) */ = {
			isa = PBXNativeTarget;
			buildConfigurationList = 1DE7869E2FDA81C0001FDFFF /* Build configuration list for PBXNativeTarget "Fading Furigana (macOS)" */;
			buildPhases = (
				1DE786632FDA81C0001FDFFF /* Sources */,
				1DE786642FDA81C0001FDFFF /* Frameworks */,
				1DE786652FDA81C0001FDFFF /* Resources */,
				1DE7869D2FDA81C0001FDFFF /* Embed Foundation Extensions */,
			);
			buildRules = (
			);
			dependencies = (
				1DE786802FDA81C0001FDFFF /* PBXTargetDependency */,
			);
			name = "Fading Furigana (macOS)";
			packageProductDependencies = (
			);
			productName = "Fading Furigana (macOS)";
			productReference = 1DE786672FDA81C0001FDFFF /* Fading Furigana.app */;
			productType = "com.apple.product-type.application";
		};
		1DE786722FDA81C0001FDFFF /* Fading Furigana Extension (iOS) */ = {
			isa = PBXNativeTarget;
			buildConfigurationList = 1DE786932FDA81C0001FDFFF /* Build configuration list for PBXNativeTarget "Fading Furigana Extension (iOS)" */;
			buildPhases = (
				1DE7866F2FDA81C0001FDFFF /* Sources */,
				1DE786702FDA81C0001FDFFF /* Frameworks */,
				1DE786712FDA81C0001FDFFF /* Resources */,
			);
			buildRules = (
			);
			dependencies = (
			);
			name = "Fading Furigana Extension (iOS)";
			packageProductDependencies = (
			);
			productName = "Fading Furigana Extension (iOS)";
			productReference = 1DE786732FDA81C0001FDFFF /* Fading Furigana Extension.appex */;
			productType = "com.apple.product-type.app-extension";
		};
		1DE7867C2FDA81C0001FDFFF /* Fading Furigana Extension (macOS) */ = {
			isa = PBXNativeTarget;
			buildConfigurationList = 1DE7869A2FDA81C0001FDFFF /* Build configuration list for PBXNativeTarget "Fading Furigana Extension (macOS)" */;
			buildPhases = (
				1DE786792FDA81C0001FDFFF /* Sources */,
				1DE7867A2FDA81C0001FDFFF /* Frameworks */,
				1DE7867B2FDA81C0001FDFFF /* Resources */,
			);
			buildRules = (
			);
			dependencies = (
			);
			name = "Fading Furigana Extension (macOS)";
			packageProductDependencies = (
			);
			productName = "Fading Furigana Extension (macOS)";
			productReference = 1DE7867D2FDA81C0001FDFFF /* Fading Furigana Extension.appex */;
			productType = "com.apple.product-type.app-extension";
		};
/* End PBXNativeTarget section */

/* Begin PBXProject section */
		1DE786422FDA81BF001FDFFF /* Project object */ = {
			isa = PBXProject;
			attributes = {
				BuildIndependentTargetsInParallel = 1;
				LastSwiftUpdateCheck = 2650;
				LastUpgradeCheck = 2650;
				TargetAttributes = {
					1DE786542FDA81C0001FDFFF = {
						CreatedOnToolsVersion = 26.5;
					};
					1DE786662FDA81C0001FDFFF = {
						CreatedOnToolsVersion = 26.5;
					};
					1DE786722FDA81C0001FDFFF = {
						CreatedOnToolsVersion = 26.5;
					};
					1DE7867C2FDA81C0001FDFFF = {
						CreatedOnToolsVersion = 26.5;
					};
				};
			};
			buildConfigurationList = 1DE786452FDA81BF001FDFFF /* Build configuration list for PBXProject "Fading Furigana" */;
			developmentRegion = en;
			hasScannedForEncodings = 0;
			knownRegions = (
				en,
				Base,
			);
			mainGroup = 1DE786412FDA81BF001FDFFF;
			minimizedProjectReferenceProxies = 1;
			preferredProjectObjectVersion = 77;
			productRefGroup = 1DE786562FDA81C0001FDFFF /* Products */;
			projectDirPath = "";
			projectRoot = "";
			targets = (
				1DE786542FDA81C0001FDFFF /* Fading Furigana (iOS) */,
				1DE786662FDA81C0001FDFFF /* Fading Furigana (macOS) */,
				1DE786722FDA81C0001FDFFF /* Fading Furigana Extension (iOS) */,
				1DE7867C2FDA81C0001FDFFF /* Fading Furigana Extension (macOS) */,
			);
		};
/* End PBXProject section */

/* Begin PBXResourcesBuildPhase section */
		1DE786532FDA81C0001FDFFF /* Resources */ = {
			isa = PBXResourcesBuildPhase;
			buildActionMask = 2147483647;
			files = (
				1DE786852FDA81C0001FDFFF /* Icon.png in Resources */,
				1DE7865E2FDA81C0001FDFFF /* LaunchScreen.storyboard in Resources */,
				1DE786832FDA81C0001FDFFF /* Main.html in Resources */,
				1DE786892FDA81C0001FDFFF /* Script.js in Resources */,
				1DE7868D2FDA81C0001FDFFF /* Assets.xcassets in Resources */,
				1DE786612FDA81C0001FDFFF /* Main.storyboard in Resources */,
				1DE786872FDA81C0001FDFFF /* Style.css in Resources */,
			);
			runOnlyForDeploymentPostprocessing = 0;
		};
		1DE786652FDA81C0001FDFFF /* Resources */ = {
			isa = PBXResourcesBuildPhase;
			buildActionMask = 2147483647;
			files = (
				1DE786862FDA81C0001FDFFF /* Icon.png in Resources */,
				1DE786882FDA81C0001FDFFF /* Style.css in Resources */,
				1DE7866D2FDA81C0001FDFFF /* Main.storyboard in Resources */,
				1DE7868A2FDA81C0001FDFFF /* Script.js in Resources */,
				1DE7868E2FDA81C0001FDFFF /* Assets.xcassets in Resources */,
				1DE786842FDA81C0001FDFFF /* Main.html in Resources */,
				FAD0000B2FDA81C0001FDFFF /* PrivacyInfo.xcprivacy in Resources */,
			);
			runOnlyForDeploymentPostprocessing = 0;
		};
		1DE786712FDA81C0001FDFFF /* Resources */ = {
			isa = PBXResourcesBuildPhase;
			buildActionMask = 2147483647;
			files = (
				1DE786A62FDA81C0001FDFFF /* manifest.json in Resources */,
				1DE786A72FDA81C0001FDFFF /* src in Resources */,
			);
			runOnlyForDeploymentPostprocessing = 0;
		};
		1DE7867B2FDA81C0001FDFFF /* Resources */ = {
			isa = PBXResourcesBuildPhase;
			buildActionMask = 2147483647;
			files = (
				1DE786A42FDA81C0001FDFFF /* manifest.json in Resources */,
				1DE786A52FDA81C0001FDFFF /* src in Resources */,
				FAD0000C2FDA81C0001FDFFF /* PrivacyInfo.xcprivacy in Resources */,
			);
			runOnlyForDeploymentPostprocessing = 0;
		};
/* End PBXResourcesBuildPhase section */

/* Begin PBXSourcesBuildPhase section */
		1DE786512FDA81C0001FDFFF /* Sources */ = {
			isa = PBXSourcesBuildPhase;
			buildActionMask = 2147483647;
			files = (
				1DE7868B2FDA81C0001FDFFF /* ViewController.swift in Sources */,
				FAD000022FDA81C0001FDFFF /* ReviewSession.swift in Sources */,
				FAD000052FDA81C0001FDFFF /* AppSettings.swift in Sources */,
				FAD000082FDA81C0001FDFFF /* Localization.swift in Sources */,
				1DE786592FDA81C0001FDFFF /* AppDelegate.swift in Sources */,
				1DE7865B2FDA81C0001FDFFF /* SceneDelegate.swift in Sources */,
			);
			runOnlyForDeploymentPostprocessing = 0;
		};
		1DE786632FDA81C0001FDFFF /* Sources */ = {
			isa = PBXSourcesBuildPhase;
			buildActionMask = 2147483647;
			files = (
				1DE7868C2FDA81C0001FDFFF /* ViewController.swift in Sources */,
				FAD000032FDA81C0001FDFFF /* ReviewSession.swift in Sources */,
				FAD000062FDA81C0001FDFFF /* AppSettings.swift in Sources */,
				FAD000092FDA81C0001FDFFF /* Localization.swift in Sources */,
				1DE7866A2FDA81C0001FDFFF /* AppDelegate.swift in Sources */,
			);
			runOnlyForDeploymentPostprocessing = 0;
		};
		1DE7866F2FDA81C0001FDFFF /* Sources */ = {
			isa = PBXSourcesBuildPhase;
			buildActionMask = 2147483647;
			files = (
				1DE7868F2FDA81C0001FDFFF /* SafariWebExtensionHandler.swift in Sources */,
			);
			runOnlyForDeploymentPostprocessing = 0;
		};
		1DE786792FDA81C0001FDFFF /* Sources */ = {
			isa = PBXSourcesBuildPhase;
			buildActionMask = 2147483647;
			files = (
				1DE786902FDA81C0001FDFFF /* SafariWebExtensionHandler.swift in Sources */,
			);
			runOnlyForDeploymentPostprocessing = 0;
		};
/* End PBXSourcesBuildPhase section */

/* Begin PBXTargetDependency section */
		1DE786762FDA81C0001FDFFF /* PBXTargetDependency */ = {
			isa = PBXTargetDependency;
			target = 1DE786722FDA81C0001FDFFF /* Fading Furigana Extension (iOS) */;
			targetProxy = 1DE786752FDA81C0001FDFFF /* PBXContainerItemProxy */;
		};
		1DE786802FDA81C0001FDFFF /* PBXTargetDependency */ = {
			isa = PBXTargetDependency;
			target = 1DE7867C2FDA81C0001FDFFF /* Fading Furigana Extension (macOS) */;
			targetProxy = 1DE7867F2FDA81C0001FDFFF /* PBXContainerItemProxy */;
		};
/* End PBXTargetDependency section */

/* Begin PBXVariantGroup section */
		1DE786482FDA81BF001FDFFF /* Main.html */ = {
			isa = PBXVariantGroup;
			children = (
				1DE786492FDA81BF001FDFFF /* Base */,
			);
			name = Main.html;
			sourceTree = "<group>";
		};
		1DE7865C2FDA81C0001FDFFF /* LaunchScreen.storyboard */ = {
			isa = PBXVariantGroup;
			children = (
				1DE7865D2FDA81C0001FDFFF /* Base */,
			);
			name = LaunchScreen.storyboard;
			sourceTree = "<group>";
		};
		1DE7865F2FDA81C0001FDFFF /* Main.storyboard */ = {
			isa = PBXVariantGroup;
			children = (
				1DE786602FDA81C0001FDFFF /* Base */,
			);
			name = Main.storyboard;
			sourceTree = "<group>";
		};
		1DE7866B2FDA81C0001FDFFF /* Main.storyboard */ = {
			isa = PBXVariantGroup;
			children = (
				1DE7866C2FDA81C0001FDFFF /* Base */,
			);
			name = Main.storyboard;
			sourceTree = "<group>";
		};
/* End PBXVariantGroup section */

/* Begin XCBuildConfiguration section */
		1DE786912FDA81C0001FDFFF /* Debug */ = {
			isa = XCBuildConfiguration;
			buildSettings = {
				ALWAYS_SEARCH_USER_PATHS = NO;
				ASSETCATALOG_COMPILER_GENERATE_SWIFT_ASSET_SYMBOL_EXTENSIONS = YES;
				CLANG_ANALYZER_NONNULL = YES;
				CLANG_ANALYZER_NUMBER_OBJECT_CONVERSION = YES_AGGRESSIVE;
				CLANG_CXX_LANGUAGE_STANDARD = "gnu++20";
				CLANG_ENABLE_MODULES = YES;
				CLANG_ENABLE_OBJC_ARC = YES;
				CLANG_ENABLE_OBJC_WEAK = YES;
				CLANG_WARN_BLOCK_CAPTURE_AUTORELEASING = YES;
				CLANG_WARN_BOOL_CONVERSION = YES;
				CLANG_WARN_COMMA = YES;
				CLANG_WARN_CONSTANT_CONVERSION = YES;
				CLANG_WARN_DEPRECATED_OBJC_IMPLEMENTATIONS = YES;
				CLANG_WARN_DIRECT_OBJC_ISA_USAGE = YES_ERROR;
				CLANG_WARN_DOCUMENTATION_COMMENTS = YES;
				CLANG_WARN_EMPTY_BODY = YES;
				CLANG_WARN_ENUM_CONVERSION = YES;
				CLANG_WARN_INFINITE_RECURSION = YES;
				CLANG_WARN_INT_CONVERSION = YES;
				CLANG_WARN_NON_LITERAL_NULL_CONVERSION = YES;
				CLANG_WARN_OBJC_IMPLICIT_RETAIN_SELF = YES;
				CLANG_WARN_OBJC_LITERAL_CONVERSION = YES;
				CLANG_WARN_OBJC_ROOT_CLASS = YES_ERROR;
				CLANG_WARN_QUOTED_INCLUDE_IN_FRAMEWORK_HEADER = YES;
				CLANG_WARN_RANGE_LOOP_ANALYSIS = YES;
				CLANG_WARN_STRICT_PROTOTYPES = YES;
				CLANG_WARN_SUSPICIOUS_MOVE = YES;
				CLANG_WARN_UNGUARDED_AVAILABILITY = YES_AGGRESSIVE;
				CLANG_WARN_UNREACHABLE_CODE = YES;
				CLANG_WARN__DUPLICATE_METHOD_MATCH = YES;
				COPY_PHASE_STRIP = NO;
				DEBUG_INFORMATION_FORMAT = dwarf;
				ENABLE_STRICT_OBJC_MSGSEND = YES;
				ENABLE_TESTABILITY = YES;
				ENABLE_USER_SCRIPT_SANDBOXING = YES;
				GCC_C_LANGUAGE_STANDARD = gnu17;
				GCC_DYNAMIC_NO_PIC = NO;
				GCC_NO_COMMON_BLOCKS = YES;
				GCC_OPTIMIZATION_LEVEL = 0;
				GCC_PREPROCESSOR_DEFINITIONS = (
					"DEBUG=1",
					"$(inherited)",
				);
				GCC_WARN_64_TO_32_BIT_CONVERSION = YES;
				GCC_WARN_ABOUT_RETURN_TYPE = YES_ERROR;
				GCC_WARN_UNDECLARED_SELECTOR = YES;
				GCC_WARN_UNINITIALIZED_AUTOS = YES_AGGRESSIVE;
				GCC_WARN_UNUSED_FUNCTION = YES;
				GCC_WARN_UNUSED_VARIABLE = YES;
				LOCALIZATION_PREFERS_STRING_CATALOGS = YES;
				MTL_ENABLE_DEBUG_INFO = INCLUDE_SOURCE;
				MTL_FAST_MATH = YES;
				ONLY_ACTIVE_ARCH = YES;
				SWIFT_ACTIVE_COMPILATION_CONDITIONS = "DEBUG $(inherited)";
				SWIFT_OPTIMIZATION_LEVEL = "-Onone";
			};
			name = Debug;
		};
		1DE786922FDA81C0001FDFFF /* Release */ = {
			isa = XCBuildConfiguration;
			buildSettings = {
				ALWAYS_SEARCH_USER_PATHS = NO;
				ASSETCATALOG_COMPILER_GENERATE_SWIFT_ASSET_SYMBOL_EXTENSIONS = YES;
				CLANG_ANALYZER_NONNULL = YES;
				CLANG_ANALYZER_NUMBER_OBJECT_CONVERSION = YES_AGGRESSIVE;
				CLANG_CXX_LANGUAGE_STANDARD = "gnu++20";
				CLANG_ENABLE_MODULES = YES;
				CLANG_ENABLE_OBJC_ARC = YES;
				CLANG_ENABLE_OBJC_WEAK = YES;
				CLANG_WARN_BLOCK_CAPTURE_AUTORELEASING = YES;
				CLANG_WARN_BOOL_CONVERSION = YES;
				CLANG_WARN_COMMA = YES;
				CLANG_WARN_CONSTANT_CONVERSION = YES;
				CLANG_WARN_DEPRECATED_OBJC_IMPLEMENTATIONS = YES;
				CLANG_WARN_DIRECT_OBJC_ISA_USAGE = YES_ERROR;
				CLANG_WARN_DOCUMENTATION_COMMENTS = YES;
				CLANG_WARN_EMPTY_BODY = YES;
				CLANG_WARN_ENUM_CONVERSION = YES;
				CLANG_WARN_INFINITE_RECURSION = YES;
				CLANG_WARN_INT_CONVERSION = YES;
				CLANG_WARN_NON_LITERAL_NULL_CONVERSION = YES;
				CLANG_WARN_OBJC_IMPLICIT_RETAIN_SELF = YES;
				CLANG_WARN_OBJC_LITERAL_CONVERSION = YES;
				CLANG_WARN_OBJC_ROOT_CLASS = YES_ERROR;
				CLANG_WARN_QUOTED_INCLUDE_IN_FRAMEWORK_HEADER = YES;
				CLANG_WARN_RANGE_LOOP_ANALYSIS = YES;
				CLANG_WARN_STRICT_PROTOTYPES = YES;
				CLANG_WARN_SUSPICIOUS_MOVE = YES;
				CLANG_WARN_UNGUARDED_AVAILABILITY = YES_AGGRESSIVE;
				CLANG_WARN_UNREACHABLE_CODE = YES;
				CLANG_WARN__DUPLICATE_METHOD_MATCH = YES;
				COPY_PHASE_STRIP = NO;
				DEBUG_INFORMATION_FORMAT = "dwarf-with-dsym";
				ENABLE_NS_ASSERTIONS = NO;
				ENABLE_STRICT_OBJC_MSGSEND = YES;
				ENABLE_USER_SCRIPT_SANDBOXING = YES;
				GCC_C_LANGUAGE_STANDARD = gnu17;
				GCC_NO_COMMON_BLOCKS = YES;
				GCC_WARN_64_TO_32_BIT_CONVERSION = YES;
				GCC_WARN_ABOUT_RETURN_TYPE = YES_ERROR;
				GCC_WARN_UNDECLARED_SELECTOR = YES;
				GCC_WARN_UNINITIALIZED_AUTOS = YES_AGGRESSIVE;
				GCC_WARN_UNUSED_FUNCTION = YES;
				GCC_WARN_UNUSED_VARIABLE = YES;
				LOCALIZATION_PREFERS_STRING_CATALOGS = YES;
				MTL_ENABLE_DEBUG_INFO = NO;
				MTL_FAST_MATH = YES;
				SWIFT_COMPILATION_MODE = wholemodule;
			};
			name = Release;
		};
		1DE786942FDA81C0001FDFFF /* Debug */ = {
			isa = XCBuildConfiguration;
			buildSettings = {
				CODE_SIGN_STYLE = Automatic;
				CURRENT_PROJECT_VERSION = 1;
				GENERATE_INFOPLIST_FILE = YES;
				INFOPLIST_FILE = "iOS (Extension)/Info.plist";
				INFOPLIST_KEY_CFBundleDisplayName = "Fading Furigana Extension";
				INFOPLIST_KEY_NSHumanReadableCopyright = "";
				IPHONEOS_DEPLOYMENT_TARGET = 15.0;
				LD_RUNPATH_SEARCH_PATHS = (
					"$(inherited)",
					"@executable_path/Frameworks",
					"@executable_path/../../Frameworks",
				);
				MARKETING_VERSION = 0.1.0;
				OTHER_LDFLAGS = (
					"-framework",
					SafariServices,
				);
				PRODUCT_BUNDLE_IDENTIFIER = "com.banyuguru.fading-furigana.Extension";
				PRODUCT_NAME = "Fading Furigana Extension";
				SDKROOT = iphoneos;
				SKIP_INSTALL = YES;
				STRING_CATALOG_GENERATE_SYMBOLS = YES;
				SWIFT_APPROACHABLE_CONCURRENCY = YES;
				SWIFT_EMIT_LOC_STRINGS = YES;
				SWIFT_UPCOMING_FEATURE_MEMBER_IMPORT_VISIBILITY = YES;
				SWIFT_VERSION = 5.0;
				TARGETED_DEVICE_FAMILY = "1,2";
			};
			name = Debug;
		};
		1DE786952FDA81C0001FDFFF /* Release */ = {
			isa = XCBuildConfiguration;
			buildSettings = {
				CODE_SIGN_STYLE = Automatic;
				CURRENT_PROJECT_VERSION = 1;
				GENERATE_INFOPLIST_FILE = YES;
				INFOPLIST_FILE = "iOS (Extension)/Info.plist";
				INFOPLIST_KEY_CFBundleDisplayName = "Fading Furigana Extension";
				INFOPLIST_KEY_NSHumanReadableCopyright = "";
				IPHONEOS_DEPLOYMENT_TARGET = 15.0;
				LD_RUNPATH_SEARCH_PATHS = (
					"$(inherited)",
					"@executable_path/Frameworks",
					"@executable_path/../../Frameworks",
				);
				MARKETING_VERSION = 0.1.0;
				OTHER_LDFLAGS = (
					"-framework",
					SafariServices,
				);
				PRODUCT_BUNDLE_IDENTIFIER = "com.banyuguru.fading-furigana.Extension";
				PRODUCT_NAME = "Fading Furigana Extension";
				SDKROOT = iphoneos;
				SKIP_INSTALL = YES;
				STRING_CATALOG_GENERATE_SYMBOLS = YES;
				SWIFT_APPROACHABLE_CONCURRENCY = YES;
				SWIFT_EMIT_LOC_STRINGS = YES;
				SWIFT_UPCOMING_FEATURE_MEMBER_IMPORT_VISIBILITY = YES;
				SWIFT_VERSION = 5.0;
				TARGETED_DEVICE_FAMILY = "1,2";
				VALIDATE_PRODUCT = YES;
			};
			name = Release;
		};
		1DE786982FDA81C0001FDFFF /* Debug */ = {
			isa = XCBuildConfiguration;
			buildSettings = {
				ASSETCATALOG_COMPILER_APPICON_NAME = AppIcon;
				ASSETCATALOG_COMPILER_GLOBAL_ACCENT_COLOR_NAME = AccentColor;
				CODE_SIGN_STYLE = Automatic;
				CURRENT_PROJECT_VERSION = 1;
				GENERATE_INFOPLIST_FILE = YES;
				INFOPLIST_FILE = "iOS (App)/Info.plist";
				INFOPLIST_KEY_CFBundleDisplayName = "Fading Furigana";
				INFOPLIST_KEY_UIApplicationSupportsIndirectInputEvents = YES;
				INFOPLIST_KEY_UILaunchStoryboardName = LaunchScreen;
				INFOPLIST_KEY_UIMainStoryboardFile = Main;
				INFOPLIST_KEY_UISupportedInterfaceOrientations = "UIInterfaceOrientationPortrait UIInterfaceOrientationLandscapeLeft UIInterfaceOrientationLandscapeRight";
				INFOPLIST_KEY_UISupportedInterfaceOrientations_iPad = "UIInterfaceOrientationPortrait UIInterfaceOrientationPortraitUpsideDown UIInterfaceOrientationLandscapeLeft UIInterfaceOrientationLandscapeRight";
				IPHONEOS_DEPLOYMENT_TARGET = 15.0;
				LD_RUNPATH_SEARCH_PATHS = (
					"$(inherited)",
					"@executable_path/Frameworks",
				);
				MARKETING_VERSION = 0.1.0;
				OTHER_LDFLAGS = (
					"-framework",
					SafariServices,
					"-framework",
					WebKit,
				);
				PRODUCT_BUNDLE_IDENTIFIER = "com.banyuguru.fading-furigana";
				PRODUCT_NAME = "Fading Furigana";
				SDKROOT = iphoneos;
				STRING_CATALOG_GENERATE_SYMBOLS = YES;
				SWIFT_APPROACHABLE_CONCURRENCY = YES;
				SWIFT_DEFAULT_ACTOR_ISOLATION = MainActor;
				SWIFT_EMIT_LOC_STRINGS = YES;
				SWIFT_UPCOMING_FEATURE_MEMBER_IMPORT_VISIBILITY = YES;
				SWIFT_VERSION = 5.0;
				TARGETED_DEVICE_FAMILY = "1,2";
			};
			name = Debug;
		};
		1DE786992FDA81C0001FDFFF /* Release */ = {
			isa = XCBuildConfiguration;
			buildSettings = {
				ASSETCATALOG_COMPILER_APPICON_NAME = AppIcon;
				ASSETCATALOG_COMPILER_GLOBAL_ACCENT_COLOR_NAME = AccentColor;
				CODE_SIGN_STYLE = Automatic;
				CURRENT_PROJECT_VERSION = 1;
				GENERATE_INFOPLIST_FILE = YES;
				INFOPLIST_FILE = "iOS (App)/Info.plist";
				INFOPLIST_KEY_CFBundleDisplayName = "Fading Furigana";
				INFOPLIST_KEY_UIApplicationSupportsIndirectInputEvents = YES;
				INFOPLIST_KEY_UILaunchStoryboardName = LaunchScreen;
				INFOPLIST_KEY_UIMainStoryboardFile = Main;
				INFOPLIST_KEY_UISupportedInterfaceOrientations = "UIInterfaceOrientationPortrait UIInterfaceOrientationLandscapeLeft UIInterfaceOrientationLandscapeRight";
				INFOPLIST_KEY_UISupportedInterfaceOrientations_iPad = "UIInterfaceOrientationPortrait UIInterfaceOrientationPortraitUpsideDown UIInterfaceOrientationLandscapeLeft UIInterfaceOrientationLandscapeRight";
				IPHONEOS_DEPLOYMENT_TARGET = 15.0;
				LD_RUNPATH_SEARCH_PATHS = (
					"$(inherited)",
					"@executable_path/Frameworks",
				);
				MARKETING_VERSION = 0.1.0;
				OTHER_LDFLAGS = (
					"-framework",
					SafariServices,
					"-framework",
					WebKit,
				);
				PRODUCT_BUNDLE_IDENTIFIER = "com.banyuguru.fading-furigana";
				PRODUCT_NAME = "Fading Furigana";
				SDKROOT = iphoneos;
				STRING_CATALOG_GENERATE_SYMBOLS = YES;
				SWIFT_APPROACHABLE_CONCURRENCY = YES;
				SWIFT_DEFAULT_ACTOR_ISOLATION = MainActor;
				SWIFT_EMIT_LOC_STRINGS = YES;
				SWIFT_UPCOMING_FEATURE_MEMBER_IMPORT_VISIBILITY = YES;
				SWIFT_VERSION = 5.0;
				TARGETED_DEVICE_FAMILY = "1,2";
				VALIDATE_PRODUCT = YES;
			};
			name = Release;
		};
		1DE7869B2FDA81C0001FDFFF /* Debug */ = {
			isa = XCBuildConfiguration;
			buildSettings = {
				CODE_SIGN_ENTITLEMENTS = "macOS (Extension)/Fading Furigana Extension.entitlements";
				CODE_SIGN_STYLE = Automatic;
				CURRENT_PROJECT_VERSION = 1;
				DEVELOPMENT_TEAM = W3JAJZ2RRU;
				ENABLE_APP_SANDBOX = YES;
				ENABLE_HARDENED_RUNTIME = YES;
				ENABLE_USER_SELECTED_FILES = readonly;
				GENERATE_INFOPLIST_FILE = YES;
				INFOPLIST_FILE = "macOS (Extension)/Info.plist";
				INFOPLIST_KEY_CFBundleDisplayName = "Fading Furigana Extension";
				INFOPLIST_KEY_NSHumanReadableCopyright = "";
				LD_RUNPATH_SEARCH_PATHS = (
					"$(inherited)",
					"@executable_path/../Frameworks",
					"@executable_path/../../../../Frameworks",
				);
				MACOSX_DEPLOYMENT_TARGET = 13.0;
				MARKETING_VERSION = 0.1.0;
				OTHER_LDFLAGS = (
					"-framework",
					SafariServices,
				);
				PRODUCT_BUNDLE_IDENTIFIER = "com.banyuguru.fading-furigana.Extension";
				PRODUCT_NAME = "Fading Furigana Extension";
				SDKROOT = macosx;
				SKIP_INSTALL = YES;
				STRING_CATALOG_GENERATE_SYMBOLS = YES;
				SWIFT_APPROACHABLE_CONCURRENCY = YES;
				SWIFT_EMIT_LOC_STRINGS = YES;
				SWIFT_UPCOMING_FEATURE_MEMBER_IMPORT_VISIBILITY = YES;
				SWIFT_VERSION = 5.0;
			};
			name = Debug;
		};
		1DE7869C2FDA81C0001FDFFF /* Release */ = {
			isa = XCBuildConfiguration;
			buildSettings = {
				CODE_SIGN_ENTITLEMENTS = "macOS (Extension)/Fading Furigana Extension.entitlements";
				CODE_SIGN_STYLE = Automatic;
				CURRENT_PROJECT_VERSION = 1;
				DEVELOPMENT_TEAM = W3JAJZ2RRU;
				ENABLE_APP_SANDBOX = YES;
				ENABLE_HARDENED_RUNTIME = YES;
				ENABLE_USER_SELECTED_FILES = readonly;
				GENERATE_INFOPLIST_FILE = YES;
				INFOPLIST_FILE = "macOS (Extension)/Info.plist";
				INFOPLIST_KEY_CFBundleDisplayName = "Fading Furigana Extension";
				INFOPLIST_KEY_NSHumanReadableCopyright = "";
				LD_RUNPATH_SEARCH_PATHS = (
					"$(inherited)",
					"@executable_path/../Frameworks",
					"@executable_path/../../../../Frameworks",
				);
				MACOSX_DEPLOYMENT_TARGET = 13.0;
				MARKETING_VERSION = 0.1.0;
				OTHER_LDFLAGS = (
					"-framework",
					SafariServices,
				);
				PRODUCT_BUNDLE_IDENTIFIER = "com.banyuguru.fading-furigana.Extension";
				PRODUCT_NAME = "Fading Furigana Extension";
				SDKROOT = macosx;
				SKIP_INSTALL = YES;
				STRING_CATALOG_GENERATE_SYMBOLS = YES;
				SWIFT_APPROACHABLE_CONCURRENCY = YES;
				SWIFT_EMIT_LOC_STRINGS = YES;
				SWIFT_UPCOMING_FEATURE_MEMBER_IMPORT_VISIBILITY = YES;
				SWIFT_VERSION = 5.0;
			};
			name = Release;
		};
		1DE7869F2FDA81C0001FDFFF /* Debug */ = {
			isa = XCBuildConfiguration;
			buildSettings = {
				ASSETCATALOG_COMPILER_APPICON_NAME = AppIcon;
				ASSETCATALOG_COMPILER_GLOBAL_ACCENT_COLOR_NAME = AccentColor;
				CODE_SIGN_ENTITLEMENTS = "macOS (App)/Fading Furigana.entitlements";
				CODE_SIGN_STYLE = Automatic;
				CURRENT_PROJECT_VERSION = 1;
				DEVELOPMENT_TEAM = W3JAJZ2RRU;
				ENABLE_APP_SANDBOX = YES;
				ENABLE_HARDENED_RUNTIME = YES;
				ENABLE_OUTGOING_NETWORK_CONNECTIONS = YES;
				ENABLE_USER_SELECTED_FILES = readonly;
				GENERATE_INFOPLIST_FILE = YES;
				INFOPLIST_FILE = "macOS (App)/Info.plist";
				INFOPLIST_KEY_CFBundleDisplayName = "Fading Furigana";
				INFOPLIST_KEY_NSMainStoryboardFile = Main;
				INFOPLIST_KEY_NSPrincipalClass = NSApplication;
				LD_RUNPATH_SEARCH_PATHS = (
					"$(inherited)",
					"@executable_path/../Frameworks",
				);
				MACOSX_DEPLOYMENT_TARGET = 13.0;
				MARKETING_VERSION = 0.1.0;
				OTHER_LDFLAGS = (
					"-framework",
					SafariServices,
					"-framework",
					WebKit,
				);
				PRODUCT_BUNDLE_IDENTIFIER = "com.banyuguru.fading-furigana";
				PRODUCT_NAME = "Fading Furigana";
				REGISTER_APP_GROUPS = YES;
				SDKROOT = macosx;
				STRING_CATALOG_GENERATE_SYMBOLS = YES;
				SWIFT_APPROACHABLE_CONCURRENCY = YES;
				SWIFT_DEFAULT_ACTOR_ISOLATION = MainActor;
				SWIFT_EMIT_LOC_STRINGS = YES;
				SWIFT_UPCOMING_FEATURE_MEMBER_IMPORT_VISIBILITY = YES;
				SWIFT_VERSION = 5.0;
			};
			name = Debug;
		};
		1DE786A02FDA81C0001FDFFF /* Release */ = {
			isa = XCBuildConfiguration;
			buildSettings = {
				ASSETCATALOG_COMPILER_APPICON_NAME = AppIcon;
				ASSETCATALOG_COMPILER_GLOBAL_ACCENT_COLOR_NAME = AccentColor;
				CODE_SIGN_ENTITLEMENTS = "macOS (App)/Fading Furigana.entitlements";
				CODE_SIGN_STYLE = Automatic;
				CURRENT_PROJECT_VERSION = 1;
				DEVELOPMENT_TEAM = W3JAJZ2RRU;
				ENABLE_APP_SANDBOX = YES;
				ENABLE_HARDENED_RUNTIME = YES;
				ENABLE_OUTGOING_NETWORK_CONNECTIONS = YES;
				ENABLE_USER_SELECTED_FILES = readonly;
				GENERATE_INFOPLIST_FILE = YES;
				INFOPLIST_FILE = "macOS (App)/Info.plist";
				INFOPLIST_KEY_CFBundleDisplayName = "Fading Furigana";
				INFOPLIST_KEY_NSMainStoryboardFile = Main;
				INFOPLIST_KEY_NSPrincipalClass = NSApplication;
				LD_RUNPATH_SEARCH_PATHS = (
					"$(inherited)",
					"@executable_path/../Frameworks",
				);
				MACOSX_DEPLOYMENT_TARGET = 13.0;
				MARKETING_VERSION = 0.1.0;
				OTHER_LDFLAGS = (
					"-framework",
					SafariServices,
					"-framework",
					WebKit,
				);
				PRODUCT_BUNDLE_IDENTIFIER = "com.banyuguru.fading-furigana";
				PRODUCT_NAME = "Fading Furigana";
				REGISTER_APP_GROUPS = YES;
				SDKROOT = macosx;
				STRING_CATALOG_GENERATE_SYMBOLS = YES;
				SWIFT_APPROACHABLE_CONCURRENCY = YES;
				SWIFT_DEFAULT_ACTOR_ISOLATION = MainActor;
				SWIFT_EMIT_LOC_STRINGS = YES;
				SWIFT_UPCOMING_FEATURE_MEMBER_IMPORT_VISIBILITY = YES;
				SWIFT_VERSION = 5.0;
			};
			name = Release;
		};
/* End XCBuildConfiguration section */

/* Begin XCConfigurationList section */
		1DE786452FDA81BF001FDFFF /* Build configuration list for PBXProject "Fading Furigana" */ = {
			isa = XCConfigurationList;
			buildConfigurations = (
				1DE786912FDA81C0001FDFFF /* Debug */,
				1DE786922FDA81C0001FDFFF /* Release */,
			);
			defaultConfigurationIsVisible = 0;
			defaultConfigurationName = Release;
		};
		1DE786932FDA81C0001FDFFF /* Build configuration list for PBXNativeTarget "Fading Furigana Extension (iOS)" */ = {
			isa = XCConfigurationList;
			buildConfigurations = (
				1DE786942FDA81C0001FDFFF /* Debug */,
				1DE786952FDA81C0001FDFFF /* Release */,
			);
			defaultConfigurationIsVisible = 0;
			defaultConfigurationName = Release;
		};
		1DE786972FDA81C0001FDFFF /* Build configuration list for PBXNativeTarget "Fading Furigana (iOS)" */ = {
			isa = XCConfigurationList;
			buildConfigurations = (
				1DE786982FDA81C0001FDFFF /* Debug */,
				1DE786992FDA81C0001FDFFF /* Release */,
			);
			defaultConfigurationIsVisible = 0;
			defaultConfigurationName = Release;
		};
		1DE7869A2FDA81C0001FDFFF /* Build configuration list for PBXNativeTarget "Fading Furigana Extension (macOS)" */ = {
			isa = XCConfigurationList;
			buildConfigurations = (
				1DE7869B2FDA81C0001FDFFF /* Debug */,
				1DE7869C2FDA81C0001FDFFF /* Release */,
			);
			defaultConfigurationIsVisible = 0;
			defaultConfigurationName = Release;
		};
		1DE7869E2FDA81C0001FDFFF /* Build configuration list for PBXNativeTarget "Fading Furigana (macOS)" */ = {
			isa = XCConfigurationList;
			buildConfigurations = (
				1DE7869F2FDA81C0001FDFFF /* Debug */,
				1DE786A02FDA81C0001FDFFF /* Release */,
			);
			defaultConfigurationIsVisible = 0;
			defaultConfigurationName = Release;
		};
/* End XCConfigurationList section */
	};
	rootObject = 1DE786422FDA81BF001FDFFF /* Project object */;
}
