// !$*UTF8*$!
{
	archiveVersion = 1;
	classes = {
	};
	objectVersion = 77;
	objects = {

/* Begin PBXBuildFile section */
		1DE24C332FDA7EF800F11ABC /* AppDelegate.swift in Sources */ = {isa = PBXBuildFile; fileRef = 1DE24C322FDA7EF800F11ABC /* AppDelegate.swift */; };
		1DE24C352FDA7EF800F11ABC /* SceneDelegate.swift in Sources */ = {isa = PBXBuildFile; fileRef = 1DE24C342FDA7EF800F11ABC /* SceneDelegate.swift */; };
		1DE24C382FDA7EF800F11ABC /* LaunchScreen.storyboard in Resources */ = {isa = PBXBuildFile; fileRef = 1DE24C362FDA7EF800F11ABC /* LaunchScreen.storyboard */; };
		1DE24C3B2FDA7EF800F11ABC /* Main.storyboard in Resources */ = {isa = PBXBuildFile; fileRef = 1DE24C392FDA7EF800F11ABC /* Main.storyboard */; };
		1DE24C442FDA7EF800F11ABC /* AppDelegate.swift in Sources */ = {isa = PBXBuildFile; fileRef = 1DE24C432FDA7EF800F11ABC /* AppDelegate.swift */; };
		1DE24C472FDA7EF800F11ABC /* Main.storyboard in Resources */ = {isa = PBXBuildFile; fileRef = 1DE24C452FDA7EF800F11ABC /* Main.storyboard */; };
		1DE24C4E2FDA7EF800F11ABC /* Fading Furigana Extension.appex in Embed Foundation Extensions */ = {isa = PBXBuildFile; fileRef = 1DE24C4D2FDA7EF800F11ABC /* Fading Furigana Extension.appex */; settings = {ATTRIBUTES = (RemoveHeadersOnCopy, ); }; };
		1DE24C582FDA7EF800F11ABC /* Fading Furigana Extension.appex in Embed Foundation Extensions */ = {isa = PBXBuildFile; fileRef = 1DE24C572FDA7EF800F11ABC /* Fading Furigana Extension.appex */; settings = {ATTRIBUTES = (RemoveHeadersOnCopy, ); }; };
		1DE24C5D2FDA7EF900F11ABC /* Main.html in Resources */ = {isa = PBXBuildFile; fileRef = 1DE24C222FDA7EF800F11ABC /* Main.html */; };
		1DE24C5E2FDA7EF900F11ABC /* Main.html in Resources */ = {isa = PBXBuildFile; fileRef = 1DE24C222FDA7EF800F11ABC /* Main.html */; };
		1DE24C5F2FDA7EF900F11ABC /* Icon.png in Resources */ = {isa = PBXBuildFile; fileRef = 1DE24C242FDA7EF800F11ABC /* Icon.png */; };
		1DE24C602FDA7EF900F11ABC /* Icon.png in Resources */ = {isa = PBXBuildFile; fileRef = 1DE24C242FDA7EF800F11ABC /* Icon.png */; };
		1DE24C612FDA7EF900F11ABC /* Style.css in Resources */ = {isa = PBXBuildFile; fileRef = 1DE24C252FDA7EF800F11ABC /* Style.css */; };
		1DE24C622FDA7EF900F11ABC /* Style.css in Resources */ = {isa = PBXBuildFile; fileRef = 1DE24C252FDA7EF800F11ABC /* Style.css */; };
		1DE24C632FDA7EF900F11ABC /* Script.js in Resources */ = {isa = PBXBuildFile; fileRef = 1DE24C262FDA7EF800F11ABC /* Script.js */; };
		1DE24C642FDA7EF900F11ABC /* Script.js in Resources */ = {isa = PBXBuildFile; fileRef = 1DE24C262FDA7EF800F11ABC /* Script.js */; };
		1DE24C652FDA7EF900F11ABC /* ViewController.swift in Sources */ = {isa = PBXBuildFile; fileRef = 1DE24C272FDA7EF800F11ABC /* ViewController.swift */; };
		1DE24C662FDA7EF900F11ABC /* ViewController.swift in Sources */ = {isa = PBXBuildFile; fileRef = 1DE24C272FDA7EF800F11ABC /* ViewController.swift */; };
		1DE24C672FDA7EF900F11ABC /* Assets.xcassets in Resources */ = {isa = PBXBuildFile; fileRef = 1DE24C282FDA7EF800F11ABC /* Assets.xcassets */; };
		1DE24C682FDA7EF900F11ABC /* Assets.xcassets in Resources */ = {isa = PBXBuildFile; fileRef = 1DE24C282FDA7EF800F11ABC /* Assets.xcassets */; };
		1DE24C692FDA7EF900F11ABC /* SafariWebExtensionHandler.swift in Sources */ = {isa = PBXBuildFile; fileRef = 1DE24C2A2FDA7EF800F11ABC /* SafariWebExtensionHandler.swift */; };
		1DE24C6A2FDA7EF900F11ABC /* SafariWebExtensionHandler.swift in Sources */ = {isa = PBXBuildFile; fileRef = 1DE24C2A2FDA7EF800F11ABC /* SafariWebExtensionHandler.swift */; };
		1DE24C7E2FDA7EF900F11ABC /* manifest.json in Resources */ = {isa = PBXBuildFile; fileRef = 1DE24C7C2FDA7EF900F11ABC /* manifest.json */; };
		1DE24C7F2FDA7EF900F11ABC /* src in Resources */ = {isa = PBXBuildFile; fileRef = 1DE24C7D2FDA7EF900F11ABC /* src */; };
		1DE24C802FDA7EF900F11ABC /* manifest.json in Resources */ = {isa = PBXBuildFile; fileRef = 1DE24C7C2FDA7EF900F11ABC /* manifest.json */; };
		1DE24C812FDA7EF900F11ABC /* src in Resources */ = {isa = PBXBuildFile; fileRef = 1DE24C7D2FDA7EF900F11ABC /* src */; };
/* End PBXBuildFile section */

/* Begin PBXContainerItemProxy section */
		1DE24C4F2FDA7EF800F11ABC /* PBXContainerItemProxy */ = {
			isa = PBXContainerItemProxy;
			containerPortal = 1DE24C1C2FDA7EF800F11ABC /* Project object */;
			proxyType = 1;
			remoteGlobalIDString = 1DE24C4C2FDA7EF800F11ABC;
			remoteInfo = "Fading Furigana Extension (iOS)";
		};
		1DE24C592FDA7EF800F11ABC /* PBXContainerItemProxy */ = {
			isa = PBXContainerItemProxy;
			containerPortal = 1DE24C1C2FDA7EF800F11ABC /* Project object */;
			proxyType = 1;
			remoteGlobalIDString = 1DE24C562FDA7EF800F11ABC;
			remoteInfo = "Fading Furigana Extension (macOS)";
		};
/* End PBXContainerItemProxy section */

/* Begin PBXCopyFilesBuildPhase section */
		1DE24C702FDA7EF900F11ABC /* Embed Foundation Extensions */ = {
			isa = PBXCopyFilesBuildPhase;
			buildActionMask = 2147483647;
			dstPath = "";
			dstSubfolderSpec = 13;
			files = (
				1DE24C4E2FDA7EF800F11ABC /* Fading Furigana Extension.appex in Embed Foundation Extensions */,
			);
			name = "Embed Foundation Extensions";
			runOnlyForDeploymentPostprocessing = 0;
		};
		1DE24C772FDA7EF900F11ABC /* Embed Foundation Extensions */ = {
			isa = PBXCopyFilesBuildPhase;
			buildActionMask = 2147483647;
			dstPath = "";
			dstSubfolderSpec = 13;
			files = (
				1DE24C582FDA7EF800F11ABC /* Fading Furigana Extension.appex in Embed Foundation Extensions */,
			);
			name = "Embed Foundation Extensions";
			runOnlyForDeploymentPostprocessing = 0;
		};
/* End PBXCopyFilesBuildPhase section */

/* Begin PBXFileReference section */
		1DE24C232FDA7EF800F11ABC /* Base */ = {isa = PBXFileReference; lastKnownFileType = text.html; name = Base; path = Base.lproj/Main.html; sourceTree = "<group>"; };
		1DE24C242FDA7EF800F11ABC /* Icon.png */ = {isa = PBXFileReference; lastKnownFileType = image.png; path = Icon.png; sourceTree = "<group>"; };
		1DE24C252FDA7EF800F11ABC /* Style.css */ = {isa = PBXFileReference; lastKnownFileType = text.css; path = Style.css; sourceTree = "<group>"; };
		1DE24C262FDA7EF800F11ABC /* Script.js */ = {isa = PBXFileReference; lastKnownFileType = sourcecode.javascript; path = Script.js; sourceTree = "<group>"; };
		1DE24C272FDA7EF800F11ABC /* ViewController.swift */ = {isa = PBXFileReference; lastKnownFileType = sourcecode.swift; path = ViewController.swift; sourceTree = "<group>"; };
		1DE24C282FDA7EF800F11ABC /* Assets.xcassets */ = {isa = PBXFileReference; lastKnownFileType = folder.assetcatalog; path = Assets.xcassets; sourceTree = "<group>"; };
		1DE24C2A2FDA7EF800F11ABC /* SafariWebExtensionHandler.swift */ = {isa = PBXFileReference; lastKnownFileType = sourcecode.swift; path = SafariWebExtensionHandler.swift; sourceTree = "<group>"; };
		1DE24C2F2FDA7EF800F11ABC /* Fading Furigana.app */ = {isa = PBXFileReference; explicitFileType = wrapper.application; includeInIndex = 0; path = "Fading Furigana.app"; sourceTree = BUILT_PRODUCTS_DIR; };
		1DE24C322FDA7EF800F11ABC /* AppDelegate.swift */ = {isa = PBXFileReference; lastKnownFileType = sourcecode.swift; path = AppDelegate.swift; sourceTree = "<group>"; };
		1DE24C342FDA7EF800F11ABC /* SceneDelegate.swift */ = {isa = PBXFileReference; lastKnownFileType = sourcecode.swift; path = SceneDelegate.swift; sourceTree = "<group>"; };
		1DE24C372FDA7EF800F11ABC /* Base */ = {isa = PBXFileReference; lastKnownFileType = file.storyboard; name = Base; path = Base.lproj/LaunchScreen.storyboard; sourceTree = "<group>"; };
		1DE24C3A2FDA7EF800F11ABC /* Base */ = {isa = PBXFileReference; lastKnownFileType = file.storyboard; name = Base; path = Base.lproj/Main.storyboard; sourceTree = "<group>"; };
		1DE24C3C2FDA7EF800F11ABC /* Info.plist */ = {isa = PBXFileReference; lastKnownFileType = text.plist.xml; path = Info.plist; sourceTree = "<group>"; };
		1DE24C412FDA7EF800F11ABC /* Fading Furigana.app */ = {isa = PBXFileReference; explicitFileType = wrapper.application; includeInIndex = 0; path = "Fading Furigana.app"; sourceTree = BUILT_PRODUCTS_DIR; };
		1DE24C432FDA7EF800F11ABC /* AppDelegate.swift */ = {isa = PBXFileReference; lastKnownFileType = sourcecode.swift; path = AppDelegate.swift; sourceTree = "<group>"; };
		1DE24C462FDA7EF800F11ABC /* Base */ = {isa = PBXFileReference; lastKnownFileType = file.storyboard; name = Base; path = Base.lproj/Main.storyboard; sourceTree = "<group>"; };
		1DE24C482FDA7EF800F11ABC /* Info.plist */ = {isa = PBXFileReference; lastKnownFileType = text.plist.xml; path = Info.plist; sourceTree = "<group>"; };
		1DE24C4D2FDA7EF800F11ABC /* Fading Furigana Extension.appex */ = {isa = PBXFileReference; explicitFileType = "wrapper.app-extension"; includeInIndex = 0; path = "Fading Furigana Extension.appex"; sourceTree = BUILT_PRODUCTS_DIR; };
		1DE24C522FDA7EF800F11ABC /* Info.plist */ = {isa = PBXFileReference; lastKnownFileType = text.plist.xml; path = Info.plist; sourceTree = "<group>"; };
		1DE24C572FDA7EF800F11ABC /* Fading Furigana Extension.appex */ = {isa = PBXFileReference; explicitFileType = "wrapper.app-extension"; includeInIndex = 0; path = "Fading Furigana Extension.appex"; sourceTree = BUILT_PRODUCTS_DIR; };
		1DE24C5C2FDA7EF900F11ABC /* Info.plist */ = {isa = PBXFileReference; lastKnownFileType = text.plist.xml; path = Info.plist; sourceTree = "<group>"; };
		1DE24C7C2FDA7EF900F11ABC /* manifest.json */ = {isa = PBXFileReference; lastKnownFileType = text.json; name = manifest.json; path = Resources/manifest.json; sourceTree = "<group>"; };
		1DE24C7D2FDA7EF900F11ABC /* src */ = {isa = PBXFileReference; lastKnownFileType = folder; name = src; path = Resources/src; sourceTree = "<group>"; };
/* End PBXFileReference section */

/* Begin PBXFrameworksBuildPhase section */
		1DE24C2C2FDA7EF800F11ABC /* Frameworks */ = {
			isa = PBXFrameworksBuildPhase;
			buildActionMask = 2147483647;
			files = (
			);
			runOnlyForDeploymentPostprocessing = 0;
		};
		1DE24C3E2FDA7EF800F11ABC /* Frameworks */ = {
			isa = PBXFrameworksBuildPhase;
			buildActionMask = 2147483647;
			files = (
			);
			runOnlyForDeploymentPostprocessing = 0;
		};
		1DE24C4A2FDA7EF800F11ABC /* Frameworks */ = {
			isa = PBXFrameworksBuildPhase;
			buildActionMask = 2147483647;
			files = (
			);
			runOnlyForDeploymentPostprocessing = 0;
		};
		1DE24C542FDA7EF800F11ABC /* Frameworks */ = {
			isa = PBXFrameworksBuildPhase;
			buildActionMask = 2147483647;
			files = (
			);
			runOnlyForDeploymentPostprocessing = 0;
		};
/* End PBXFrameworksBuildPhase section */

/* Begin PBXGroup section */
		1DE24C1B2FDA7EF800F11ABC = {
			isa = PBXGroup;
			children = (
				1DE24C202FDA7EF800F11ABC /* Shared (App) */,
				1DE24C292FDA7EF800F11ABC /* Shared (Extension) */,
				1DE24C312FDA7EF800F11ABC /* iOS (App) */,
				1DE24C422FDA7EF800F11ABC /* macOS (App) */,
				1DE24C512FDA7EF800F11ABC /* iOS (Extension) */,
				1DE24C5B2FDA7EF900F11ABC /* macOS (Extension) */,
				1DE24C302FDA7EF800F11ABC /* Products */,
			);
			sourceTree = "<group>";
		};
		1DE24C202FDA7EF800F11ABC /* Shared (App) */ = {
			isa = PBXGroup;
			children = (
				1DE24C272FDA7EF800F11ABC /* ViewController.swift */,
				1DE24C282FDA7EF800F11ABC /* Assets.xcassets */,
				1DE24C212FDA7EF800F11ABC /* Resources */,
			);
			path = "Shared (App)";
			sourceTree = "<group>";
		};
		1DE24C212FDA7EF800F11ABC /* Resources */ = {
			isa = PBXGroup;
			children = (
				1DE24C222FDA7EF800F11ABC /* Main.html */,
				1DE24C242FDA7EF800F11ABC /* Icon.png */,
				1DE24C252FDA7EF800F11ABC /* Style.css */,
				1DE24C262FDA7EF800F11ABC /* Script.js */,
			);
			path = Resources;
			sourceTree = "<group>";
		};
		1DE24C292FDA7EF800F11ABC /* Shared (Extension) */ = {
			isa = PBXGroup;
			children = (
				1DE24C7B2FDA7EF900F11ABC /* Resources */,
				1DE24C2A2FDA7EF800F11ABC /* SafariWebExtensionHandler.swift */,
			);
			path = "Shared (Extension)";
			sourceTree = "<group>";
		};
		1DE24C302FDA7EF800F11ABC /* Products */ = {
			isa = PBXGroup;
			children = (
				1DE24C2F2FDA7EF800F11ABC /* Fading Furigana.app */,
				1DE24C412FDA7EF800F11ABC /* Fading Furigana.app */,
				1DE24C4D2FDA7EF800F11ABC /* Fading Furigana Extension.appex */,
				1DE24C572FDA7EF800F11ABC /* Fading Furigana Extension.appex */,
			);
			name = Products;
			sourceTree = "<group>";
		};
		1DE24C312FDA7EF800F11ABC /* iOS (App) */ = {
			isa = PBXGroup;
			children = (
				1DE24C322FDA7EF800F11ABC /* AppDelegate.swift */,
				1DE24C342FDA7EF800F11ABC /* SceneDelegate.swift */,
				1DE24C362FDA7EF800F11ABC /* LaunchScreen.storyboard */,
				1DE24C392FDA7EF800F11ABC /* Main.storyboard */,
				1DE24C3C2FDA7EF800F11ABC /* Info.plist */,
			);
			path = "iOS (App)";
			sourceTree = "<group>";
		};
		1DE24C422FDA7EF800F11ABC /* macOS (App) */ = {
			isa = PBXGroup;
			children = (
				1DE24C432FDA7EF800F11ABC /* AppDelegate.swift */,
				1DE24C452FDA7EF800F11ABC /* Main.storyboard */,
				1DE24C482FDA7EF800F11ABC /* Info.plist */,
			);
			path = "macOS (App)";
			sourceTree = "<group>";
		};
		1DE24C512FDA7EF800F11ABC /* iOS (Extension) */ = {
			isa = PBXGroup;
			children = (
				1DE24C522FDA7EF800F11ABC /* Info.plist */,
			);
			path = "iOS (Extension)";
			sourceTree = "<group>";
		};
		1DE24C5B2FDA7EF900F11ABC /* macOS (Extension) */ = {
			isa = PBXGroup;
			children = (
				1DE24C5C2FDA7EF900F11ABC /* Info.plist */,
			);
			path = "macOS (Extension)";
			sourceTree = "<group>";
		};
		1DE24C7B2FDA7EF900F11ABC /* Resources */ = {
			isa = PBXGroup;
			children = (
				1DE24C7C2FDA7EF900F11ABC /* manifest.json */,
				1DE24C7D2FDA7EF900F11ABC /* src */,
			);
			name = Resources;
			path = "Shared (Extension)";
			sourceTree = SOURCE_ROOT;
		};
/* End PBXGroup section */

/* Begin PBXNativeTarget section */
		1DE24C2E2FDA7EF800F11ABC /* Fading Furigana (iOS) */ = {
			isa = PBXNativeTarget;
			buildConfigurationList = 1DE24C712FDA7EF900F11ABC /* Build configuration list for PBXNativeTarget "Fading Furigana (iOS)" */;
			buildPhases = (
				1DE24C2B2FDA7EF800F11ABC /* Sources */,
				1DE24C2C2FDA7EF800F11ABC /* Frameworks */,
				1DE24C2D2FDA7EF800F11ABC /* Resources */,
				1DE24C702FDA7EF900F11ABC /* Embed Foundation Extensions */,
			);
			buildRules = (
			);
			dependencies = (
				1DE24C502FDA7EF800F11ABC /* PBXTargetDependency */,
			);
			name = "Fading Furigana (iOS)";
			packageProductDependencies = (
			);
			productName = "Fading Furigana (iOS)";
			productReference = 1DE24C2F2FDA7EF800F11ABC /* Fading Furigana.app */;
			productType = "com.apple.product-type.application";
		};
		1DE24C402FDA7EF800F11ABC /* Fading Furigana (macOS) */ = {
			isa = PBXNativeTarget;
			buildConfigurationList = 1DE24C782FDA7EF900F11ABC /* Build configuration list for PBXNativeTarget "Fading Furigana (macOS)" */;
			buildPhases = (
				1DE24C3D2FDA7EF800F11ABC /* Sources */,
				1DE24C3E2FDA7EF800F11ABC /* Frameworks */,
				1DE24C3F2FDA7EF800F11ABC /* Resources */,
				1DE24C772FDA7EF900F11ABC /* Embed Foundation Extensions */,
			);
			buildRules = (
			);
			dependencies = (
				1DE24C5A2FDA7EF800F11ABC /* PBXTargetDependency */,
			);
			name = "Fading Furigana (macOS)";
			packageProductDependencies = (
			);
			productName = "Fading Furigana (macOS)";
			productReference = 1DE24C412FDA7EF800F11ABC /* Fading Furigana.app */;
			productType = "com.apple.product-type.application";
		};
		1DE24C4C2FDA7EF800F11ABC /* Fading Furigana Extension (iOS) */ = {
			isa = PBXNativeTarget;
			buildConfigurationList = 1DE24C6D2FDA7EF900F11ABC /* Build configuration list for PBXNativeTarget "Fading Furigana Extension (iOS)" */;
			buildPhases = (
				1DE24C492FDA7EF800F11ABC /* Sources */,
				1DE24C4A2FDA7EF800F11ABC /* Frameworks */,
				1DE24C4B2FDA7EF800F11ABC /* Resources */,
			);
			buildRules = (
			);
			dependencies = (
			);
			name = "Fading Furigana Extension (iOS)";
			packageProductDependencies = (
			);
			productName = "Fading Furigana Extension (iOS)";
			productReference = 1DE24C4D2FDA7EF800F11ABC /* Fading Furigana Extension.appex */;
			productType = "com.apple.product-type.app-extension";
		};
		1DE24C562FDA7EF800F11ABC /* Fading Furigana Extension (macOS) */ = {
			isa = PBXNativeTarget;
			buildConfigurationList = 1DE24C742FDA7EF900F11ABC /* Build configuration list for PBXNativeTarget "Fading Furigana Extension (macOS)" */;
			buildPhases = (
				1DE24C532FDA7EF800F11ABC /* Sources */,
				1DE24C542FDA7EF800F11ABC /* Frameworks */,
				1DE24C552FDA7EF800F11ABC /* Resources */,
			);
			buildRules = (
			);
			dependencies = (
			);
			name = "Fading Furigana Extension (macOS)";
			packageProductDependencies = (
			);
			productName = "Fading Furigana Extension (macOS)";
			productReference = 1DE24C572FDA7EF800F11ABC /* Fading Furigana Extension.appex */;
			productType = "com.apple.product-type.app-extension";
		};
/* End PBXNativeTarget section */

/* Begin PBXProject section */
		1DE24C1C2FDA7EF800F11ABC /* Project object */ = {
			isa = PBXProject;
			attributes = {
				BuildIndependentTargetsInParallel = 1;
				LastSwiftUpdateCheck = 2650;
				LastUpgradeCheck = 2650;
				TargetAttributes = {
					1DE24C2E2FDA7EF800F11ABC = {
						CreatedOnToolsVersion = 26.5;
					};
					1DE24C402FDA7EF800F11ABC = {
						CreatedOnToolsVersion = 26.5;
					};
					1DE24C4C2FDA7EF800F11ABC = {
						CreatedOnToolsVersion = 26.5;
					};
					1DE24C562FDA7EF800F11ABC = {
						CreatedOnToolsVersion = 26.5;
					};
				};
			};
			buildConfigurationList = 1DE24C1F2FDA7EF800F11ABC /* Build configuration list for PBXProject "Fading Furigana" */;
			developmentRegion = en;
			hasScannedForEncodings = 0;
			knownRegions = (
				en,
				Base,
			);
			mainGroup = 1DE24C1B2FDA7EF800F11ABC;
			minimizedProjectReferenceProxies = 1;
			preferredProjectObjectVersion = 77;
			productRefGroup = 1DE24C302FDA7EF800F11ABC /* Products */;
			projectDirPath = "";
			projectRoot = "";
			targets = (
				1DE24C2E2FDA7EF800F11ABC /* Fading Furigana (iOS) */,
				1DE24C402FDA7EF800F11ABC /* Fading Furigana (macOS) */,
				1DE24C4C2FDA7EF800F11ABC /* Fading Furigana Extension (iOS) */,
				1DE24C562FDA7EF800F11ABC /* Fading Furigana Extension (macOS) */,
			);
		};
/* End PBXProject section */

/* Begin PBXResourcesBuildPhase section */
		1DE24C2D2FDA7EF800F11ABC /* Resources */ = {
			isa = PBXResourcesBuildPhase;
			buildActionMask = 2147483647;
			files = (
				1DE24C5F2FDA7EF900F11ABC /* Icon.png in Resources */,
				1DE24C382FDA7EF800F11ABC /* LaunchScreen.storyboard in Resources */,
				1DE24C5D2FDA7EF900F11ABC /* Main.html in Resources */,
				1DE24C632FDA7EF900F11ABC /* Script.js in Resources */,
				1DE24C672FDA7EF900F11ABC /* Assets.xcassets in Resources */,
				1DE24C3B2FDA7EF800F11ABC /* Main.storyboard in Resources */,
				1DE24C612FDA7EF900F11ABC /* Style.css in Resources */,
			);
			runOnlyForDeploymentPostprocessing = 0;
		};
		1DE24C3F2FDA7EF800F11ABC /* Resources */ = {
			isa = PBXResourcesBuildPhase;
			buildActionMask = 2147483647;
			files = (
				1DE24C602FDA7EF900F11ABC /* Icon.png in Resources */,
				1DE24C622FDA7EF900F11ABC /* Style.css in Resources */,
				1DE24C472FDA7EF800F11ABC /* Main.storyboard in Resources */,
				1DE24C642FDA7EF900F11ABC /* Script.js in Resources */,
				1DE24C682FDA7EF900F11ABC /* Assets.xcassets in Resources */,
				1DE24C5E2FDA7EF900F11ABC /* Main.html in Resources */,
			);
			runOnlyForDeploymentPostprocessing = 0;
		};
		1DE24C4B2FDA7EF800F11ABC /* Resources */ = {
			isa = PBXResourcesBuildPhase;
			buildActionMask = 2147483647;
			files = (
				1DE24C802FDA7EF900F11ABC /* manifest.json in Resources */,
				1DE24C812FDA7EF900F11ABC /* src in Resources */,
			);
			runOnlyForDeploymentPostprocessing = 0;
		};
		1DE24C552FDA7EF800F11ABC /* Resources */ = {
			isa = PBXResourcesBuildPhase;
			buildActionMask = 2147483647;
			files = (
				1DE24C7E2FDA7EF900F11ABC /* manifest.json in Resources */,
				1DE24C7F2FDA7EF900F11ABC /* src in Resources */,
			);
			runOnlyForDeploymentPostprocessing = 0;
		};
/* End PBXResourcesBuildPhase section */

/* Begin PBXSourcesBuildPhase section */
		1DE24C2B2FDA7EF800F11ABC /* Sources */ = {
			isa = PBXSourcesBuildPhase;
			buildActionMask = 2147483647;
			files = (
				1DE24C652FDA7EF900F11ABC /* ViewController.swift in Sources */,
				1DE24C332FDA7EF800F11ABC /* AppDelegate.swift in Sources */,
				1DE24C352FDA7EF800F11ABC /* SceneDelegate.swift in Sources */,
			);
			runOnlyForDeploymentPostprocessing = 0;
		};
		1DE24C3D2FDA7EF800F11ABC /* Sources */ = {
			isa = PBXSourcesBuildPhase;
			buildActionMask = 2147483647;
			files = (
				1DE24C662FDA7EF900F11ABC /* ViewController.swift in Sources */,
				1DE24C442FDA7EF800F11ABC /* AppDelegate.swift in Sources */,
			);
			runOnlyForDeploymentPostprocessing = 0;
		};
		1DE24C492FDA7EF800F11ABC /* Sources */ = {
			isa = PBXSourcesBuildPhase;
			buildActionMask = 2147483647;
			files = (
				1DE24C692FDA7EF900F11ABC /* SafariWebExtensionHandler.swift in Sources */,
			);
			runOnlyForDeploymentPostprocessing = 0;
		};
		1DE24C532FDA7EF800F11ABC /* Sources */ = {
			isa = PBXSourcesBuildPhase;
			buildActionMask = 2147483647;
			files = (
				1DE24C6A2FDA7EF900F11ABC /* SafariWebExtensionHandler.swift in Sources */,
			);
			runOnlyForDeploymentPostprocessing = 0;
		};
/* End PBXSourcesBuildPhase section */

/* Begin PBXTargetDependency section */
		1DE24C502FDA7EF800F11ABC /* PBXTargetDependency */ = {
			isa = PBXTargetDependency;
			target = 1DE24C4C2FDA7EF800F11ABC /* Fading Furigana Extension (iOS) */;
			targetProxy = 1DE24C4F2FDA7EF800F11ABC /* PBXContainerItemProxy */;
		};
		1DE24C5A2FDA7EF800F11ABC /* PBXTargetDependency */ = {
			isa = PBXTargetDependency;
			target = 1DE24C562FDA7EF800F11ABC /* Fading Furigana Extension (macOS) */;
			targetProxy = 1DE24C592FDA7EF800F11ABC /* PBXContainerItemProxy */;
		};
/* End PBXTargetDependency section */

/* Begin PBXVariantGroup section */
		1DE24C222FDA7EF800F11ABC /* Main.html */ = {
			isa = PBXVariantGroup;
			children = (
				1DE24C232FDA7EF800F11ABC /* Base */,
			);
			name = Main.html;
			sourceTree = "<group>";
		};
		1DE24C362FDA7EF800F11ABC /* LaunchScreen.storyboard */ = {
			isa = PBXVariantGroup;
			children = (
				1DE24C372FDA7EF800F11ABC /* Base */,
			);
			name = LaunchScreen.storyboard;
			sourceTree = "<group>";
		};
		1DE24C392FDA7EF800F11ABC /* Main.storyboard */ = {
			isa = PBXVariantGroup;
			children = (
				1DE24C3A2FDA7EF800F11ABC /* Base */,
			);
			name = Main.storyboard;
			sourceTree = "<group>";
		};
		1DE24C452FDA7EF800F11ABC /* Main.storyboard */ = {
			isa = PBXVariantGroup;
			children = (
				1DE24C462FDA7EF800F11ABC /* Base */,
			);
			name = Main.storyboard;
			sourceTree = "<group>";
		};
/* End PBXVariantGroup section */

/* Begin XCBuildConfiguration section */
		1DE24C6B2FDA7EF900F11ABC /* Debug */ = {
			isa = XCBuildConfiguration;
			buildSettings = {
				ALWAYS_SEARCH_USER_PATHS = NO;
				ASSETCATALOG_COMPILER_GENERATE_SWIFT_ASSET_SYMBOL_EXTENSIONS = YES;
				CLANG_ANALYZER_NONNULL = YES;
				CLANG_ANALYZER_NUMBER_OBJECT_CONVERSION = YES_AGGRESSIVE;
				CLANG_CXX_LANGUAGE_STANDARD = "gnu++20";
				CLANG_ENABLE_MODULES = YES;
				CLANG_ENABLE_OBJC_ARC = YES;
				CLANG_ENABLE_OBJC_WEAK = YES;
				CLANG_WARN_BLOCK_CAPTURE_AUTORELEASING = YES;
				CLANG_WARN_BOOL_CONVERSION = YES;
				CLANG_WARN_COMMA = YES;
				CLANG_WARN_CONSTANT_CONVERSION = YES;
				CLANG_WARN_DEPRECATED_OBJC_IMPLEMENTATIONS = YES;
				CLANG_WARN_DIRECT_OBJC_ISA_USAGE = YES_ERROR;
				CLANG_WARN_DOCUMENTATION_COMMENTS = YES;
				CLANG_WARN_EMPTY_BODY = YES;
				CLANG_WARN_ENUM_CONVERSION = YES;
				CLANG_WARN_INFINITE_RECURSION = YES;
				CLANG_WARN_INT_CONVERSION = YES;
				CLANG_WARN_NON_LITERAL_NULL_CONVERSION = YES;
				CLANG_WARN_OBJC_IMPLICIT_RETAIN_SELF = YES;
				CLANG_WARN_OBJC_LITERAL_CONVERSION = YES;
				CLANG_WARN_OBJC_ROOT_CLASS = YES_ERROR;
				CLANG_WARN_QUOTED_INCLUDE_IN_FRAMEWORK_HEADER = YES;
				CLANG_WARN_RANGE_LOOP_ANALYSIS = YES;
				CLANG_WARN_STRICT_PROTOTYPES = YES;
				CLANG_WARN_SUSPICIOUS_MOVE = YES;
				CLANG_WARN_UNGUARDED_AVAILABILITY = YES_AGGRESSIVE;
				CLANG_WARN_UNREACHABLE_CODE = YES;
				CLANG_WARN__DUPLICATE_METHOD_MATCH = YES;
				COPY_PHASE_STRIP = NO;
				DEBUG_INFORMATION_FORMAT = dwarf;
				ENABLE_STRICT_OBJC_MSGSEND = YES;
				ENABLE_TESTABILITY = YES;
				ENABLE_USER_SCRIPT_SANDBOXING = YES;
				GCC_C_LANGUAGE_STANDARD = gnu17;
				GCC_DYNAMIC_NO_PIC = NO;
				GCC_NO_COMMON_BLOCKS = YES;
				GCC_OPTIMIZATION_LEVEL = 0;
				GCC_PREPROCESSOR_DEFINITIONS = (
					"DEBUG=1",
					"$(inherited)",
				);
				GCC_WARN_64_TO_32_BIT_CONVERSION = YES;
				GCC_WARN_ABOUT_RETURN_TYPE = YES_ERROR;
				GCC_WARN_UNDECLARED_SELECTOR = YES;
				GCC_WARN_UNINITIALIZED_AUTOS = YES_AGGRESSIVE;
				GCC_WARN_UNUSED_FUNCTION = YES;
				GCC_WARN_UNUSED_VARIABLE = YES;
				LOCALIZATION_PREFERS_STRING_CATALOGS = YES;
				MTL_ENABLE_DEBUG_INFO = INCLUDE_SOURCE;
				MTL_FAST_MATH = YES;
				ONLY_ACTIVE_ARCH = YES;
				SWIFT_ACTIVE_COMPILATION_CONDITIONS = "DEBUG $(inherited)";
				SWIFT_OPTIMIZATION_LEVEL = "-Onone";
			};
			name = Debug;
		};
		1DE24C6C2FDA7EF900F11ABC /* Release */ = {
			isa = XCBuildConfiguration;
			buildSettings = {
				ALWAYS_SEARCH_USER_PATHS = NO;
				ASSETCATALOG_COMPILER_GENERATE_SWIFT_ASSET_SYMBOL_EXTENSIONS = YES;
				CLANG_ANALYZER_NONNULL = YES;
				CLANG_ANALYZER_NUMBER_OBJECT_CONVERSION = YES_AGGRESSIVE;
				CLANG_CXX_LANGUAGE_STANDARD = "gnu++20";
				CLANG_ENABLE_MODULES = YES;
				CLANG_ENABLE_OBJC_ARC = YES;
				CLANG_ENABLE_OBJC_WEAK = YES;
				CLANG_WARN_BLOCK_CAPTURE_AUTORELEASING = YES;
				CLANG_WARN_BOOL_CONVERSION = YES;
				CLANG_WARN_COMMA = YES;
				CLANG_WARN_CONSTANT_CONVERSION = YES;
				CLANG_WARN_DEPRECATED_OBJC_IMPLEMENTATIONS = YES;
				CLANG_WARN_DIRECT_OBJC_ISA_USAGE = YES_ERROR;
				CLANG_WARN_DOCUMENTATION_COMMENTS = YES;
				CLANG_WARN_EMPTY_BODY = YES;
				CLANG_WARN_ENUM_CONVERSION = YES;
				CLANG_WARN_INFINITE_RECURSION = YES;
				CLANG_WARN_INT_CONVERSION = YES;
				CLANG_WARN_NON_LITERAL_NULL_CONVERSION = YES;
				CLANG_WARN_OBJC_IMPLICIT_RETAIN_SELF = YES;
				CLANG_WARN_OBJC_LITERAL_CONVERSION = YES;
				CLANG_WARN_OBJC_ROOT_CLASS = YES_ERROR;
				CLANG_WARN_QUOTED_INCLUDE_IN_FRAMEWORK_HEADER = YES;
				CLANG_WARN_RANGE_LOOP_ANALYSIS = YES;
				CLANG_WARN_STRICT_PROTOTYPES = YES;
				CLANG_WARN_SUSPICIOUS_MOVE = YES;
				CLANG_WARN_UNGUARDED_AVAILABILITY = YES_AGGRESSIVE;
				CLANG_WARN_UNREACHABLE_CODE = YES;
				CLANG_WARN__DUPLICATE_METHOD_MATCH = YES;
				COPY_PHASE_STRIP = NO;
				DEBUG_INFORMATION_FORMAT = "dwarf-with-dsym";
				ENABLE_NS_ASSERTIONS = NO;
				ENABLE_STRICT_OBJC_MSGSEND = YES;
				ENABLE_USER_SCRIPT_SANDBOXING = YES;
				GCC_C_LANGUAGE_STANDARD = gnu17;
				GCC_NO_COMMON_BLOCKS = YES;
				GCC_WARN_64_TO_32_BIT_CONVERSION = YES;
				GCC_WARN_ABOUT_RETURN_TYPE = YES_ERROR;
				GCC_WARN_UNDECLARED_SELECTOR = YES;
				GCC_WARN_UNINITIALIZED_AUTOS = YES_AGGRESSIVE;
				GCC_WARN_UNUSED_FUNCTION = YES;
				GCC_WARN_UNUSED_VARIABLE = YES;
				LOCALIZATION_PREFERS_STRING_CATALOGS = YES;
				MTL_ENABLE_DEBUG_INFO = NO;
				MTL_FAST_MATH = YES;
				SWIFT_COMPILATION_MODE = wholemodule;
			};
			name = Release;
		};
		1DE24C6E2FDA7EF900F11ABC /* Debug */ = {
			isa = XCBuildConfiguration;
			buildSettings = {
				CODE_SIGN_STYLE = Automatic;
				CURRENT_PROJECT_VERSION = 1;
				GENERATE_INFOPLIST_FILE = YES;
				INFOPLIST_FILE = "iOS (Extension)/Info.plist";
				INFOPLIST_KEY_CFBundleDisplayName = "Fading Furigana Extension";
				INFOPLIST_KEY_NSHumanReadableCopyright = "";
				IPHONEOS_DEPLOYMENT_TARGET = 15.0;
				LD_RUNPATH_SEARCH_PATHS = (
					"$(inherited)",
					"@executable_path/Frameworks",
					"@executable_path/../../Frameworks",
				);
				MARKETING_VERSION = 1.0;
				OTHER_LDFLAGS = (
					"-framework",
					SafariServices,
				);
				PRODUCT_BUNDLE_IDENTIFIER = "com.banyuguru.fading-furigana.Extension";
				PRODUCT_NAME = "Fading Furigana Extension";
				SDKROOT = iphoneos;
				SKIP_INSTALL = YES;
				STRING_CATALOG_GENERATE_SYMBOLS = YES;
				SWIFT_APPROACHABLE_CONCURRENCY = YES;
				SWIFT_EMIT_LOC_STRINGS = YES;
				SWIFT_UPCOMING_FEATURE_MEMBER_IMPORT_VISIBILITY = YES;
				SWIFT_VERSION = 5.0;
				TARGETED_DEVICE_FAMILY = "1,2";
			};
			name = Debug;
		};
		1DE24C6F2FDA7EF900F11ABC /* Release */ = {
			isa = XCBuildConfiguration;
			buildSettings = {
				CODE_SIGN_STYLE = Automatic;
				CURRENT_PROJECT_VERSION = 1;
				GENERATE_INFOPLIST_FILE = YES;
				INFOPLIST_FILE = "iOS (Extension)/Info.plist";
				INFOPLIST_KEY_CFBundleDisplayName = "Fading Furigana Extension";
				INFOPLIST_KEY_NSHumanReadableCopyright = "";
				IPHONEOS_DEPLOYMENT_TARGET = 15.0;
				LD_RUNPATH_SEARCH_PATHS = (
					"$(inherited)",
					"@executable_path/Frameworks",
					"@executable_path/../../Frameworks",
				);
				MARKETING_VERSION = 1.0;
				OTHER_LDFLAGS = (
					"-framework",
					SafariServices,
				);
				PRODUCT_BUNDLE_IDENTIFIER = "com.banyuguru.fading-furigana.Extension";
				PRODUCT_NAME = "Fading Furigana Extension";
				SDKROOT = iphoneos;
				SKIP_INSTALL = YES;
				STRING_CATALOG_GENERATE_SYMBOLS = YES;
				SWIFT_APPROACHABLE_CONCURRENCY = YES;
				SWIFT_EMIT_LOC_STRINGS = YES;
				SWIFT_UPCOMING_FEATURE_MEMBER_IMPORT_VISIBILITY = YES;
				SWIFT_VERSION = 5.0;
				TARGETED_DEVICE_FAMILY = "1,2";
				VALIDATE_PRODUCT = YES;
			};
			name = Release;
		};
		1DE24C722FDA7EF900F11ABC /* Debug */ = {
			isa = XCBuildConfiguration;
			buildSettings = {
				ASSETCATALOG_COMPILER_APPICON_NAME = AppIcon;
				ASSETCATALOG_COMPILER_GLOBAL_ACCENT_COLOR_NAME = AccentColor;
				CODE_SIGN_STYLE = Automatic;
				CURRENT_PROJECT_VERSION = 1;
				GENERATE_INFOPLIST_FILE = YES;
				INFOPLIST_FILE = "iOS (App)/Info.plist";
				INFOPLIST_KEY_CFBundleDisplayName = "Fading Furigana";
				INFOPLIST_KEY_UIApplicationSupportsIndirectInputEvents = YES;
				INFOPLIST_KEY_UILaunchStoryboardName = LaunchScreen;
				INFOPLIST_KEY_UIMainStoryboardFile = Main;
				INFOPLIST_KEY_UISupportedInterfaceOrientations = "UIInterfaceOrientationPortrait UIInterfaceOrientationLandscapeLeft UIInterfaceOrientationLandscapeRight";
				INFOPLIST_KEY_UISupportedInterfaceOrientations_iPad = "UIInterfaceOrientationPortrait UIInterfaceOrientationPortraitUpsideDown UIInterfaceOrientationLandscapeLeft UIInterfaceOrientationLandscapeRight";
				IPHONEOS_DEPLOYMENT_TARGET = 15.0;
				LD_RUNPATH_SEARCH_PATHS = (
					"$(inherited)",
					"@executable_path/Frameworks",
				);
				MARKETING_VERSION = 1.0;
				OTHER_LDFLAGS = (
					"-framework",
					SafariServices,
					"-framework",
					WebKit,
				);
				PRODUCT_BUNDLE_IDENTIFIER = "com.banyuguru.fading-furigana";
				PRODUCT_NAME = "Fading Furigana";
				SDKROOT = iphoneos;
				STRING_CATALOG_GENERATE_SYMBOLS = YES;
				SWIFT_APPROACHABLE_CONCURRENCY = YES;
				SWIFT_DEFAULT_ACTOR_ISOLATION = MainActor;
				SWIFT_EMIT_LOC_STRINGS = YES;
				SWIFT_UPCOMING_FEATURE_MEMBER_IMPORT_VISIBILITY = YES;
				SWIFT_VERSION = 5.0;
				TARGETED_DEVICE_FAMILY = "1,2";
			};
			name = Debug;
		};
		1DE24C732FDA7EF900F11ABC /* Release */ = {
			isa = XCBuildConfiguration;
			buildSettings = {
				ASSETCATALOG_COMPILER_APPICON_NAME = AppIcon;
				ASSETCATALOG_COMPILER_GLOBAL_ACCENT_COLOR_NAME = AccentColor;
				CODE_SIGN_STYLE = Automatic;
				CURRENT_PROJECT_VERSION = 1;
				GENERATE_INFOPLIST_FILE = YES;
				INFOPLIST_FILE = "iOS (App)/Info.plist";
				INFOPLIST_KEY_CFBundleDisplayName = "Fading Furigana";
				INFOPLIST_KEY_UIApplicationSupportsIndirectInputEvents = YES;
				INFOPLIST_KEY_UILaunchStoryboardName = LaunchScreen;
				INFOPLIST_KEY_UIMainStoryboardFile = Main;
				INFOPLIST_KEY_UISupportedInterfaceOrientations = "UIInterfaceOrientationPortrait UIInterfaceOrientationLandscapeLeft UIInterfaceOrientationLandscapeRight";
				INFOPLIST_KEY_UISupportedInterfaceOrientations_iPad = "UIInterfaceOrientationPortrait UIInterfaceOrientationPortraitUpsideDown UIInterfaceOrientationLandscapeLeft UIInterfaceOrientationLandscapeRight";
				IPHONEOS_DEPLOYMENT_TARGET = 15.0;
				LD_RUNPATH_SEARCH_PATHS = (
					"$(inherited)",
					"@executable_path/Frameworks",
				);
				MARKETING_VERSION = 1.0;
				OTHER_LDFLAGS = (
					"-framework",
					SafariServices,
					"-framework",
					WebKit,
				);
				PRODUCT_BUNDLE_IDENTIFIER = "com.banyuguru.fading-furigana";
				PRODUCT_NAME = "Fading Furigana";
				SDKROOT = iphoneos;
				STRING_CATALOG_GENERATE_SYMBOLS = YES;
				SWIFT_APPROACHABLE_CONCURRENCY = YES;
				SWIFT_DEFAULT_ACTOR_ISOLATION = MainActor;
				SWIFT_EMIT_LOC_STRINGS = YES;
				SWIFT_UPCOMING_FEATURE_MEMBER_IMPORT_VISIBILITY = YES;
				SWIFT_VERSION = 5.0;
				TARGETED_DEVICE_FAMILY = "1,2";
				VALIDATE_PRODUCT = YES;
			};
			name = Release;
		};
		1DE24C752FDA7EF900F11ABC /* Debug */ = {
			isa = XCBuildConfiguration;
			buildSettings = {
				CODE_SIGN_STYLE = Automatic;
				CURRENT_PROJECT_VERSION = 1;
				ENABLE_APP_SANDBOX = YES;
				ENABLE_HARDENED_RUNTIME = YES;
				ENABLE_USER_SELECTED_FILES = readonly;
				GENERATE_INFOPLIST_FILE = YES;
				INFOPLIST_FILE = "macOS (Extension)/Info.plist";
				INFOPLIST_KEY_CFBundleDisplayName = "Fading Furigana Extension";
				INFOPLIST_KEY_NSHumanReadableCopyright = "";
				LD_RUNPATH_SEARCH_PATHS = (
					"$(inherited)",
					"@executable_path/../Frameworks",
					"@executable_path/../../../../Frameworks",
				);
				MACOSX_DEPLOYMENT_TARGET = 10.14;
				MARKETING_VERSION = 1.0;
				OTHER_LDFLAGS = (
					"-framework",
					SafariServices,
				);
				PRODUCT_BUNDLE_IDENTIFIER = "com.banyuguru.fading-furigana.Extension";
				PRODUCT_NAME = "Fading Furigana Extension";
				SDKROOT = macosx;
				SKIP_INSTALL = YES;
				STRING_CATALOG_GENERATE_SYMBOLS = YES;
				SWIFT_APPROACHABLE_CONCURRENCY = YES;
				SWIFT_EMIT_LOC_STRINGS = YES;
				SWIFT_UPCOMING_FEATURE_MEMBER_IMPORT_VISIBILITY = YES;
				SWIFT_VERSION = 5.0;
			};
			name = Debug;
		};
		1DE24C762FDA7EF900F11ABC /* Release */ = {
			isa = XCBuildConfiguration;
			buildSettings = {
				CODE_SIGN_STYLE = Automatic;
				CURRENT_PROJECT_VERSION = 1;
				ENABLE_APP_SANDBOX = YES;
				ENABLE_HARDENED_RUNTIME = YES;
				ENABLE_USER_SELECTED_FILES = readonly;
				GENERATE_INFOPLIST_FILE = YES;
				INFOPLIST_FILE = "macOS (Extension)/Info.plist";
				INFOPLIST_KEY_CFBundleDisplayName = "Fading Furigana Extension";
				INFOPLIST_KEY_NSHumanReadableCopyright = "";
				LD_RUNPATH_SEARCH_PATHS = (
					"$(inherited)",
					"@executable_path/../Frameworks",
					"@executable_path/../../../../Frameworks",
				);
				MACOSX_DEPLOYMENT_TARGET = 10.14;
				MARKETING_VERSION = 1.0;
				OTHER_LDFLAGS = (
					"-framework",
					SafariServices,
				);
				PRODUCT_BUNDLE_IDENTIFIER = "com.banyuguru.fading-furigana.Extension";
				PRODUCT_NAME = "Fading Furigana Extension";
				SDKROOT = macosx;
				SKIP_INSTALL = YES;
				STRING_CATALOG_GENERATE_SYMBOLS = YES;
				SWIFT_APPROACHABLE_CONCURRENCY = YES;
				SWIFT_EMIT_LOC_STRINGS = YES;
				SWIFT_UPCOMING_FEATURE_MEMBER_IMPORT_VISIBILITY = YES;
				SWIFT_VERSION = 5.0;
			};
			name = Release;
		};
		1DE24C792FDA7EF900F11ABC /* Debug */ = {
			isa = XCBuildConfiguration;
			buildSettings = {
				ASSETCATALOG_COMPILER_APPICON_NAME = AppIcon;
				ASSETCATALOG_COMPILER_GLOBAL_ACCENT_COLOR_NAME = AccentColor;
				CODE_SIGN_STYLE = Automatic;
				CURRENT_PROJECT_VERSION = 1;
				ENABLE_APP_SANDBOX = YES;
				ENABLE_HARDENED_RUNTIME = YES;
				ENABLE_OUTGOING_NETWORK_CONNECTIONS = YES;
				ENABLE_USER_SELECTED_FILES = readonly;
				GENERATE_INFOPLIST_FILE = YES;
				INFOPLIST_FILE = "macOS (App)/Info.plist";
				INFOPLIST_KEY_CFBundleDisplayName = "Fading Furigana";
				INFOPLIST_KEY_NSMainStoryboardFile = Main;
				INFOPLIST_KEY_NSPrincipalClass = NSApplication;
				LD_RUNPATH_SEARCH_PATHS = (
					"$(inherited)",
					"@executable_path/../Frameworks",
				);
				MACOSX_DEPLOYMENT_TARGET = 10.14;
				MARKETING_VERSION = 1.0;
				OTHER_LDFLAGS = (
					"-framework",
					SafariServices,
					"-framework",
					WebKit,
				);
				PRODUCT_BUNDLE_IDENTIFIER = "com.banyuguru.fading-furigana";
				PRODUCT_NAME = "Fading Furigana";
				REGISTER_APP_GROUPS = YES;
				SDKROOT = macosx;
				STRING_CATALOG_GENERATE_SYMBOLS = YES;
				SWIFT_APPROACHABLE_CONCURRENCY = YES;
				SWIFT_DEFAULT_ACTOR_ISOLATION = MainActor;
				SWIFT_EMIT_LOC_STRINGS = YES;
				SWIFT_UPCOMING_FEATURE_MEMBER_IMPORT_VISIBILITY = YES;
				SWIFT_VERSION = 5.0;
			};
			name = Debug;
		};
		1DE24C7A2FDA7EF900F11ABC /* Release */ = {
			isa = XCBuildConfiguration;
			buildSettings = {
				ASSETCATALOG_COMPILER_APPICON_NAME = AppIcon;
				ASSETCATALOG_COMPILER_GLOBAL_ACCENT_COLOR_NAME = AccentColor;
				CODE_SIGN_STYLE = Automatic;
				CURRENT_PROJECT_VERSION = 1;
				ENABLE_APP_SANDBOX = YES;
				ENABLE_HARDENED_RUNTIME = YES;
				ENABLE_OUTGOING_NETWORK_CONNECTIONS = YES;
				ENABLE_USER_SELECTED_FILES = readonly;
				GENERATE_INFOPLIST_FILE = YES;
				INFOPLIST_FILE = "macOS (App)/Info.plist";
				INFOPLIST_KEY_CFBundleDisplayName = "Fading Furigana";
				INFOPLIST_KEY_NSMainStoryboardFile = Main;
				INFOPLIST_KEY_NSPrincipalClass = NSApplication;
				LD_RUNPATH_SEARCH_PATHS = (
					"$(inherited)",
					"@executable_path/../Frameworks",
				);
				MACOSX_DEPLOYMENT_TARGET = 10.14;
				MARKETING_VERSION = 1.0;
				OTHER_LDFLAGS = (
					"-framework",
					SafariServices,
					"-framework",
					WebKit,
				);
				PRODUCT_BUNDLE_IDENTIFIER = "com.banyuguru.fading-furigana";
				PRODUCT_NAME = "Fading Furigana";
				REGISTER_APP_GROUPS = YES;
				SDKROOT = macosx;
				STRING_CATALOG_GENERATE_SYMBOLS = YES;
				SWIFT_APPROACHABLE_CONCURRENCY = YES;
				SWIFT_DEFAULT_ACTOR_ISOLATION = MainActor;
				SWIFT_EMIT_LOC_STRINGS = YES;
				SWIFT_UPCOMING_FEATURE_MEMBER_IMPORT_VISIBILITY = YES;
				SWIFT_VERSION = 5.0;
			};
			name = Release;
		};
/* End XCBuildConfiguration section */

/* Begin XCConfigurationList section */
		1DE24C1F2FDA7EF800F11ABC /* Build configuration list for PBXProject "Fading Furigana" */ = {
			isa = XCConfigurationList;
			buildConfigurations = (
				1DE24C6B2FDA7EF900F11ABC /* Debug */,
				1DE24C6C2FDA7EF900F11ABC /* Release */,
			);
			defaultConfigurationIsVisible = 0;
			defaultConfigurationName = Release;
		};
		1DE24C6D2FDA7EF900F11ABC /* Build configuration list for PBXNativeTarget "Fading Furigana Extension (iOS)" */ = {
			isa = XCConfigurationList;
			buildConfigurations = (
				1DE24C6E2FDA7EF900F11ABC /* Debug */,
				1DE24C6F2FDA7EF900F11ABC /* Release */,
			);
			defaultConfigurationIsVisible = 0;
			defaultConfigurationName = Release;
		};
		1DE24C712FDA7EF900F11ABC /* Build configuration list for PBXNativeTarget "Fading Furigana (iOS)" */ = {
			isa = XCConfigurationList;
			buildConfigurations = (
				1DE24C722FDA7EF900F11ABC /* Debug */,
				1DE24C732FDA7EF900F11ABC /* Release */,
			);
			defaultConfigurationIsVisible = 0;
			defaultConfigurationName = Release;
		};
		1DE24C742FDA7EF900F11ABC /* Build configuration list for PBXNativeTarget "Fading Furigana Extension (macOS)" */ = {
			isa = XCConfigurationList;
			buildConfigurations = (
				1DE24C752FDA7EF900F11ABC /* Debug */,
				1DE24C762FDA7EF900F11ABC /* Release */,
			);
			defaultConfigurationIsVisible = 0;
			defaultConfigurationName = Release;
		};
		1DE24C782FDA7EF900F11ABC /* Build configuration list for PBXNativeTarget "Fading Furigana (macOS)" */ = {
			isa = XCConfigurationList;
			buildConfigurations = (
				1DE24C792FDA7EF900F11ABC /* Debug */,
				1DE24C7A2FDA7EF900F11ABC /* Release */,
			);
			defaultConfigurationIsVisible = 0;
			defaultConfigurationName = Release;
		};
/* End XCConfigurationList section */
	};
	rootObject = 1DE24C1C2FDA7EF800F11ABC /* Project object */;
}
